// !$*UTF8*$!
{
	archiveVersion = 1;
	classes = {
	};
	objectVersion = 46;
	objects = {

/* Begin PBXBuildFile section */
		0210224016E38CB400E60097 /* CNChain.m in Sources */ = {isa = PBXBuildFile; fileRef = 6F3DFCECF9B68D3A6CE42049 /* CNChain.m */; };
		0210224116E38CC600E60097 /* CNChainItem.m in Sources */ = {isa = PBXBuildFile; fileRef = 6F3DF954D2E97F8964D50A7A /* CNChainItem.m */; };
		0210224216E38CCA00E60097 /* CNYield.m in Sources */ = {isa = PBXBuildFile; fileRef = 6F3DFC444DAFEC082F442948 /* CNYield.m */; };
		0210224316E38CD000E60097 /* NSArray+CNChain.m in Sources */ = {isa = PBXBuildFile; fileRef = 6F3DF51536C06833E0501425 /* NSArray+CNChain.m */; };
		0210224416E38CD600E60097 /* CNSourceLink.m in Sources */ = {isa = PBXBuildFile; fileRef = 6F3DF253CC7C4559042960F0 /* CNSourceLink.m */; };
		026F67B01673B758006C59C9 /* CRRailroad+CRSwitch.m in Sources */ = {isa = PBXBuildFile; fileRef = 6F3DF5E01CB9B1768FC94E92 /* CRRailroad+CRSwitch.m */; };
		0287AEF416E357C200539ABF /* SenTestingKit.framework in Frameworks */ = {isa = PBXBuildFile; fileRef = 0287AEF316E357C200539ABF /* SenTestingKit.framework */; };
		0287AEF616E357C200539ABF /* Cocoa.framework in Frameworks */ = {isa = PBXBuildFile; fileRef = 0287AEF516E357C200539ABF /* Cocoa.framework */; };
		0287AF0016E357C200539ABF /* InfoPlist.strings in Resources */ = {isa = PBXBuildFile; fileRef = 0287AEFE16E357C200539ABF /* InfoPlist.strings */; };
		0287AF0316E357C200539ABF /* CNChainTest.m in Sources */ = {isa = PBXBuildFile; fileRef = 0287AF0216E357C200539ABF /* CNChainTest.m */; };
		028F1C0C161F66FD002FE46D /* CRLevel.m in Sources */ = {isa = PBXBuildFile; fileRef = 028F1C0B161F66FD002FE46D /* CRLevel.m */; };
		0291C461161B67990085AB91 /* QuartzCore.framework in Frameworks */ = {isa = PBXBuildFile; fileRef = 0291C460161B67990085AB91 /* QuartzCore.framework */; };
		0291C463161B67990085AB91 /* OpenGL.framework in Frameworks */ = {isa = PBXBuildFile; fileRef = 0291C462161B67990085AB91 /* OpenGL.framework */; };
		0291C465161B67990085AB91 /* OpenAL.framework in Frameworks */ = {isa = PBXBuildFile; fileRef = 0291C464161B67990085AB91 /* OpenAL.framework */; };
		0291C467161B67990085AB91 /* AudioToolbox.framework in Frameworks */ = {isa = PBXBuildFile; fileRef = 0291C466161B67990085AB91 /* AudioToolbox.framework */; };
		0291C469161B67990085AB91 /* AppKit.framework in Frameworks */ = {isa = PBXBuildFile; fileRef = 0291C468161B67990085AB91 /* AppKit.framework */; };
		0291C46B161B67990085AB91 /* Foundation.framework in Frameworks */ = {isa = PBXBuildFile; fileRef = 0291C46A161B67990085AB91 /* Foundation.framework */; };
		0291C471161B67990085AB91 /* InfoPlist.strings in Resources */ = {isa = PBXBuildFile; fileRef = 0291C46F161B67990085AB91 /* InfoPlist.strings */; };
		0291C474161B67990085AB91 /* MainMenu.xib in Resources */ = {isa = PBXBuildFile; fileRef = 0291C472161B67990085AB91 /* MainMenu.xib */; };
		0291C476161B67990085AB91 /* fps_images.png in Resources */ = {isa = PBXBuildFile; fileRef = 0291C475161B67990085AB91 /* fps_images.png */; };
		0291C478161B67990085AB91 /* icon.icns in Resources */ = {isa = PBXBuildFile; fileRef = 0291C477161B67990085AB91 /* icon.icns */; };
		0291C5DD161B679B0085AB91 /* main.m in Sources */ = {isa = PBXBuildFile; fileRef = 0291C5DC161B679B0085AB91 /* main.m */; };
		0291C5E0161B679B0085AB91 /* AppDelegate.m in Sources */ = {isa = PBXBuildFile; fileRef = 0291C5DF161B679B0085AB91 /* AppDelegate.m */; };
		0291C5E3161B679B0085AB91 /* CETextureBackgroundLayer.m in Sources */ = {isa = PBXBuildFile; fileRef = 0291C5E2161B679B0085AB91 /* CETextureBackgroundLayer.m */; };
		0291C5EA161B680C0085AB91 /* Grass.png in Resources */ = {isa = PBXBuildFile; fileRef = 0291C5E9161B680C0085AB91 /* Grass.png */; };
		20DC87CEB3964AACA387D61E /* libPods.a in Frameworks */ = {isa = PBXBuildFile; fileRef = B8ACB03F5AB241CA9AB573A0 /* libPods.a */; };
		6254427F29694420A1C77A6F /* libPods-test.a in Frameworks */ = {isa = PBXBuildFile; fileRef = 1288EEDB5A8147B58C71AFE5 /* libPods-test.a */; };
		6F3DF099F3A1D126D316CF6F /* CCSprite+CESprite.m in Sources */ = {isa = PBXBuildFile; fileRef = 6F3DFF02A479E0134E38EEE9 /* CCSprite+CESprite.m */; };
		6F3DF0A78C3DC67C2634EF2A /* CNChainItem.m in Sources */ = {isa = PBXBuildFile; fileRef = 6F3DF954D2E97F8964D50A7A /* CNChainItem.m */; };
		6F3DF13C5422A063C38A1C07 /* City.png in Resources */ = {isa = PBXBuildFile; fileRef = 6F3DFC2F6B7A6ABE2951509A /* City.png */; };
		6F3DF1C2F3F81C7FCEB6B245 /* CRRailroad.m in Sources */ = {isa = PBXBuildFile; fileRef = 6F3DF290C45847D4636C91B5 /* CRRailroad.m */; };
		6F3DF2A14065207E43079C03 /* Car1_Orange.plist in Resources */ = {isa = PBXBuildFile; fileRef = 6F3DF6666C3D9099AB966F87 /* Car1_Orange.plist */; };
		6F3DF2E05D88DB4A0FCB7F1B /* CRRail.m in Sources */ = {isa = PBXBuildFile; fileRef = 6F3DFB5016ED966D48D7CD2C /* CRRail.m */; };
		6F3DF361841A9DC1DAA562A5 /* rails_rails.plist in Resources */ = {isa = PBXBuildFile; fileRef = 6F3DF810811FC56D99AB555F /* rails_rails.plist */; };
		6F3DF3B1534D612C4D75148F /* CEOrtoMap.m in Sources */ = {isa = PBXBuildFile; fileRef = 6F3DFE2F91024045053DD4B1 /* CEOrtoMap.m */; };
		6F3DF3C133D5B3718826DFE1 /* Car1_Green-hd.plist in Resources */ = {isa = PBXBuildFile; fileRef = 6F3DF462975CA05F835E0411 /* Car1_Green-hd.plist */; };
		6F3DF42782BF5B40CAC00293 /* Car1_Green.plist in Resources */ = {isa = PBXBuildFile; fileRef = 6F3DF6C582BAC2EA2BAE5369 /* Car1_Green.plist */; };
		6F3DF4B77D00078E6F6B32DC /* NSArray+CocoaEx.m in Sources */ = {isa = PBXBuildFile; fileRef = 6F3DFAB0765F2571447BCCDC /* NSArray+CocoaEx.m */; };
		6F3DF569B98ED9F453C829D2 /* CNFilterLink.m in Sources */ = {isa = PBXBuildFile; fileRef = 6F3DF448E7EB7A5F4D7BBC66 /* CNFilterLink.m */; };
		6F3DF5949E6109FA0C483A0E /* NSMutableArray+CocoaEx.m in Sources */ = {isa = PBXBuildFile; fileRef = 6F3DFC305919B5B882C7DB89 /* NSMutableArray+CocoaEx.m */; };
		6F3DF5998F1C8FCEF8C5EAAF /* rails_rails-hd.png in Resources */ = {isa = PBXBuildFile; fileRef = 6F3DF6D28F729E2FB40BC627 /* rails_rails-hd.png */; };
		6F3DF5B3EF0456D433E7F55F /* CRRailForm.m in Sources */ = {isa = PBXBuildFile; fileRef = 6F3DFCAB236E8FCB3604B92D /* CRRailForm.m */; };
		6F3DF5BBA960AACAE03F8F87 /* CNFilterLink.m in Sources */ = {isa = PBXBuildFile; fileRef = 6F3DF448E7EB7A5F4D7BBC66 /* CNFilterLink.m */; };
		6F3DF63DC472B1D54FF4383C /* CEEnum.m in Sources */ = {isa = PBXBuildFile; fileRef = 6F3DF892677A53681CAD6625 /* CEEnum.m */; };
		6F3DF640A36210EF23369B35 /* rails_rails.png in Resources */ = {isa = PBXBuildFile; fileRef = 6F3DF199403BB9EA79FF3E39 /* rails_rails.png */; };
		6F3DF6C26D6964C7CA523252 /* CCNode+CENode.m in Sources */ = {isa = PBXBuildFile; fileRef = 6F3DF2B59F36D9E48B1FBBF3 /* CCNode+CENode.m */; };
		6F3DF6D4ACA4E91E33B357B0 /* CRRailroadBuilder.m in Sources */ = {isa = PBXBuildFile; fileRef = 6F3DF3D8543B57C7CBE4C969 /* CRRailroadBuilder.m */; };
		6F3DF6DB7CF2544BF506D0B4 /* CETileIndex.m in Sources */ = {isa = PBXBuildFile; fileRef = 6F3DFCB798DAF2C18877E904 /* CETileIndex.m */; };
		6F3DF72CAD7F617448442CB4 /* CRSwitchesComposition.m in Sources */ = {isa = PBXBuildFile; fileRef = 6F3DFFBF2D0EBEC1D1CCE5DF /* CRSwitchesComposition.m */; };
		6F3DF77306CB9FAC80036311 /* CNMapLink.m in Sources */ = {isa = PBXBuildFile; fileRef = 6F3DF2BB040D09F87A322A91 /* CNMapLink.m */; };
		6F3DF79893ACFD543E0F188C /* CNYield.m in Sources */ = {isa = PBXBuildFile; fileRef = 6F3DFC444DAFEC082F442948 /* CNYield.m */; };
		6F3DF7A6E778FE7E6718DC90 /* CNChain.m in Sources */ = {isa = PBXBuildFile; fileRef = 6F3DFCECF9B68D3A6CE42049 /* CNChain.m */; };
		6F3DF7AE28608C93F5D9A837 /* Podfile in Resources */ = {isa = PBXBuildFile; fileRef = 6F3DF47D79CC526D20F29924 /* Podfile */; };
		6F3DF7B3A639B7042608A8DD /* Car1_Orange.png in Resources */ = {isa = PBXBuildFile; fileRef = 6F3DF1E856A58245EF3E6A17 /* Car1_Orange.png */; };
		6F3DF805A9BFF0DD47BFB091 /* Rails.png in Resources */ = {isa = PBXBuildFile; fileRef = 6F3DF73921F94975C2F02534 /* Rails.png */; };
		6F3DF86A1C5B32EA136FAE66 /* CECurve.m in Sources */ = {isa = PBXBuildFile; fileRef = 6F3DFA265F42C0CAC2DD981B /* CECurve.m */; };
		6F3DF98B7ABA25D650E3D01B /* CNMapLink.m in Sources */ = {isa = PBXBuildFile; fileRef = 6F3DF2BB040D09F87A322A91 /* CNMapLink.m */; };
		6F3DF9A5F6E7E441601AD049 /* CRCityColor.m in Sources */ = {isa = PBXBuildFile; fileRef = 6F3DF2ED53658866984A13E1 /* CRCityColor.m */; };
		6F3DF9C2F963F30BC33AC3A4 /* Car1_Orange-hd.plist in Resources */ = {isa = PBXBuildFile; fileRef = 6F3DF20B44B6ADF28431DB15 /* Car1_Orange-hd.plist */; };
		6F3DF9FD84DFACCA42CFE909 /* CEMap.m in Sources */ = {isa = PBXBuildFile; fileRef = 6F3DF36A18CCC89D8594DEFB /* CEMap.m */; };
		6F3DFA0938641A0099140508 /* CRRailroad+CRRailPoint.m in Sources */ = {isa = PBXBuildFile; fileRef = 6F3DF5A965C94BF826D18AD5 /* CRRailroad+CRRailPoint.m */; };
		6F3DFAB0237E6EEA3BA0AA6C /* CRCar.m in Sources */ = {isa = PBXBuildFile; fileRef = 6F3DF439E99063519D7F0D97 /* CRCar.m */; };
		6F3DFC5CDE0C6942F05CC9B3 /* NSArray+CNChain.m in Sources */ = {isa = PBXBuildFile; fileRef = 6F3DF51536C06833E0501425 /* NSArray+CNChain.m */; };
		6F3DFC75D1D5C46D0AA5DF41 /* Car1_Green.png in Resources */ = {isa = PBXBuildFile; fileRef = 6F3DF9751EA8E12D8BADEB27 /* Car1_Green.png */; };
		6F3DFCBEAFC1A5790C4F10F1 /* CNSourceLink.m in Sources */ = {isa = PBXBuildFile; fileRef = 6F3DF253CC7C4559042960F0 /* CNSourceLink.m */; };
		6F3DFCD734D4F4C31813442B /* CRTrain.m in Sources */ = {isa = PBXBuildFile; fileRef = 6F3DF745F457C41FE14A4F36 /* CRTrain.m */; };
		6F3DFD0D54399F420F603AA3 /* CRSwitch.m in Sources */ = {isa = PBXBuildFile; fileRef = 6F3DF85165447D6B762B3D7B /* CRSwitch.m */; };
		6F3DFD28A9F4E481565A3448 /* rails_rails-hd.plist in Resources */ = {isa = PBXBuildFile; fileRef = 6F3DFDCE9BF1251078C65FA1 /* rails_rails-hd.plist */; };
		6F3DFDB990B1FFC01FE89092 /* Car1_Green-hd.png in Resources */ = {isa = PBXBuildFile; fileRef = 6F3DF353225181D2D09AB785 /* Car1_Green-hd.png */; };
		6F3DFDDAC7C9278F62FA5A4A /* Car1_Orange-hd.png in Resources */ = {isa = PBXBuildFile; fileRef = 6F3DFE55268CAB885D0C4A01 /* Car1_Orange-hd.png */; };
		6F3DFF3770913B4B25C8A123 /* CEOrtoSprite.m in Sources */ = {isa = PBXBuildFile; fileRef = 6F3DFD11FF58D6AF3F466B08 /* CEOrtoSprite.m */; };
		6F3DFF5433CDC5BEB3F26954 /* CRCity.m in Sources */ = {isa = PBXBuildFile; fileRef = 6F3DF9FBBD580702B9AFE76A /* CRCity.m */; };
		6F3DFFDF4981BC81C1ED8575 /* CEBezier.m in Sources */ = {isa = PBXBuildFile; fileRef = 6F3DFDA903DBA378366693F2 /* CEBezier.m */; };
/* End PBXBuildFile section */

/* Begin PBXFileReference section */
		0287AEF216E357C200539ABF /* ChainTest.octest */ = {isa = PBXFileReference; explicitFileType = wrapper.cfbundle; includeInIndex = 0; path = ChainTest.octest; sourceTree = BUILT_PRODUCTS_DIR; };
		0287AEF316E357C200539ABF /* SenTestingKit.framework */ = {isa = PBXFileReference; lastKnownFileType = wrapper.framework; name = SenTestingKit.framework; path = Library/Frameworks/SenTestingKit.framework; sourceTree = DEVELOPER_DIR; };
		0287AEF516E357C200539ABF /* Cocoa.framework */ = {isa = PBXFileReference; lastKnownFileType = wrapper.framework; name = Cocoa.framework; path = Library/Frameworks/Cocoa.framework; sourceTree = DEVELOPER_DIR; };
		0287AEF816E357C200539ABF /* AppKit.framework */ = {isa = PBXFileReference; lastKnownFileType = wrapper.framework; name = AppKit.framework; path = Library/Frameworks/AppKit.framework; sourceTree = SDKROOT; };
		0287AEF916E357C200539ABF /* CoreData.framework */ = {isa = PBXFileReference; lastKnownFileType = wrapper.framework; name = CoreData.framework; path = Library/Frameworks/CoreData.framework; sourceTree = SDKROOT; };
		0287AEFA16E357C200539ABF /* Foundation.framework */ = {isa = PBXFileReference; lastKnownFileType = wrapper.framework; name = Foundation.framework; path = Library/Frameworks/Foundation.framework; sourceTree = SDKROOT; };
		0287AEFD16E357C200539ABF /* ChainTest-Info.plist */ = {isa = PBXFileReference; lastKnownFileType = text.plist.xml; path = "ChainTest-Info.plist"; sourceTree = "<group>"; };
		0287AEFF16E357C200539ABF /* en */ = {isa = PBXFileReference; lastKnownFileType = text.plist.strings; name = en; path = en.lproj/InfoPlist.strings; sourceTree = "<group>"; };
		0287AF0216E357C200539ABF /* CNChainTest.m */ = {isa = PBXFileReference; lastKnownFileType = sourcecode.c.objc; path = CNChainTest.m; sourceTree = "<group>"; };
		0287AF0416E357C200539ABF /* ChainTest-Prefix.pch */ = {isa = PBXFileReference; lastKnownFileType = sourcecode.c.h; path = "ChainTest-Prefix.pch"; sourceTree = "<group>"; };
		028F1C0A161F66FD002FE46D /* CRLevel.h */ = {isa = PBXFileReference; fileEncoding = 4; lastKnownFileType = sourcecode.c.h; name = CRLevel.h; path = Sources/CRLevel.h; sourceTree = "<group>"; };
		028F1C0B161F66FD002FE46D /* CRLevel.m */ = {isa = PBXFileReference; fileEncoding = 4; lastKnownFileType = sourcecode.c.objc; name = CRLevel.m; path = Sources/CRLevel.m; sourceTree = "<group>"; };
		0291C45C161B67990085AB91 /* TrainsOSX.app */ = {isa = PBXFileReference; explicitFileType = wrapper.application; includeInIndex = 0; path = TrainsOSX.app; sourceTree = BUILT_PRODUCTS_DIR; };
		0291C460161B67990085AB91 /* QuartzCore.framework */ = {isa = PBXFileReference; includeInIndex = 1; lastKnownFileType = wrapper.framework; name = QuartzCore.framework; path = System/Library/Frameworks/QuartzCore.framework; sourceTree = SDKROOT; };
		0291C462161B67990085AB91 /* OpenGL.framework */ = {isa = PBXFileReference; includeInIndex = 1; lastKnownFileType = wrapper.framework; name = OpenGL.framework; path = System/Library/Frameworks/OpenGL.framework; sourceTree = SDKROOT; };
		0291C464161B67990085AB91 /* OpenAL.framework */ = {isa = PBXFileReference; includeInIndex = 1; lastKnownFileType = wrapper.framework; name = OpenAL.framework; path = System/Library/Frameworks/OpenAL.framework; sourceTree = SDKROOT; };
		0291C466161B67990085AB91 /* AudioToolbox.framework */ = {isa = PBXFileReference; includeInIndex = 1; lastKnownFileType = wrapper.framework; name = AudioToolbox.framework; path = System/Library/Frameworks/AudioToolbox.framework; sourceTree = SDKROOT; };
		0291C468161B67990085AB91 /* AppKit.framework */ = {isa = PBXFileReference; includeInIndex = 1; lastKnownFileType = wrapper.framework; name = AppKit.framework; path = System/Library/Frameworks/AppKit.framework; sourceTree = SDKROOT; };
		0291C46A161B67990085AB91 /* Foundation.framework */ = {isa = PBXFileReference; includeInIndex = 1; lastKnownFileType = wrapper.framework; name = Foundation.framework; path = System/Library/Frameworks/Foundation.framework; sourceTree = SDKROOT; };
		0291C470161B67990085AB91 /* InfoPlist.strings */ = {isa = PBXFileReference; lastKnownFileType = text.plist.strings; name = InfoPlist.strings; path = Resources/English.lproj/InfoPlist.strings; sourceTree = "<group>"; };
		0291C473161B67990085AB91 /* MainMenu.xib */ = {isa = PBXFileReference; lastKnownFileType = file.xib; name = MainMenu.xib; path = Resources/English.lproj/MainMenu.xib; sourceTree = "<group>"; };
		0291C475161B67990085AB91 /* fps_images.png */ = {isa = PBXFileReference; lastKnownFileType = image.png; name = fps_images.png; path = Resources/fps_images.png; sourceTree = "<group>"; };
		0291C477161B67990085AB91 /* icon.icns */ = {isa = PBXFileReference; lastKnownFileType = image.icns; name = icon.icns; path = Resources/icon.icns; sourceTree = "<group>"; };
		0291C479161B67990085AB91 /* Info.plist */ = {isa = PBXFileReference; lastKnownFileType = text.plist.xml; name = Info.plist; path = Resources/Info.plist; sourceTree = "<group>"; };
		0291C5DB161B679B0085AB91 /* Prefix.pch */ = {isa = PBXFileReference; lastKnownFileType = sourcecode.c.h; name = Prefix.pch; path = Sources/Prefix.pch; sourceTree = "<group>"; };
		0291C5DC161B679B0085AB91 /* main.m */ = {isa = PBXFileReference; lastKnownFileType = sourcecode.c.objc; name = main.m; path = Sources/main.m; sourceTree = "<group>"; };
		0291C5DE161B679B0085AB91 /* AppDelegate.h */ = {isa = PBXFileReference; lastKnownFileType = sourcecode.c.h; name = AppDelegate.h; path = Sources/AppDelegate.h; sourceTree = "<group>"; };
		0291C5DF161B679B0085AB91 /* AppDelegate.m */ = {isa = PBXFileReference; lastKnownFileType = sourcecode.c.objc; name = AppDelegate.m; path = Sources/AppDelegate.m; sourceTree = "<group>"; };
		0291C5E1161B679B0085AB91 /* CETextureBackgroundLayer.h */ = {isa = PBXFileReference; lastKnownFileType = sourcecode.c.h; name = CETextureBackgroundLayer.h; path = Sources/CETextureBackgroundLayer.h; sourceTree = "<group>"; };
		0291C5E2161B679B0085AB91 /* CETextureBackgroundLayer.m */ = {isa = PBXFileReference; lastKnownFileType = sourcecode.c.objc; name = CETextureBackgroundLayer.m; path = Sources/CETextureBackgroundLayer.m; sourceTree = "<group>"; };
		0291C5E9161B680C0085AB91 /* Grass.png */ = {isa = PBXFileReference; lastKnownFileType = image.png; name = Grass.png; path = Resources/Grass.png; sourceTree = "<group>"; };
		1288EEDB5A8147B58C71AFE5 /* libPods-test.a */ = {isa = PBXFileReference; explicitFileType = archive.ar; includeInIndex = 0; path = "libPods-test.a"; sourceTree = BUILT_PRODUCTS_DIR; };
		64CAF13C32E6472084F28C75 /* Pods.xcconfig */ = {isa = PBXFileReference; includeInIndex = 1; lastKnownFileType = text.xcconfig; name = Pods.xcconfig; path = Pods/Pods.xcconfig; sourceTree = SOURCE_ROOT; };
		6F3DF199403BB9EA79FF3E39 /* rails_rails.png */ = {isa = PBXFileReference; lastKnownFileType = image.png; name = rails_rails.png; path = Images/Rails/Sprite/rails_rails.png; sourceTree = "<group>"; };
		6F3DF1E856A58245EF3E6A17 /* Car1_Orange.png */ = {isa = PBXFileReference; lastKnownFileType = image.png; name = Car1_Orange.png; path = Images/Car1/Sprite/Car1_Orange.png; sourceTree = "<group>"; };
		6F3DF20B44B6ADF28431DB15 /* Car1_Orange-hd.plist */ = {isa = PBXFileReference; fileEncoding = 4; lastKnownFileType = text.plist; name = "Car1_Orange-hd.plist"; path = "Images/Car1/Sprite/Car1_Orange-hd.plist"; sourceTree = "<group>"; };
		6F3DF253CC7C4559042960F0 /* CNSourceLink.m */ = {isa = PBXFileReference; fileEncoding = 4; lastKnownFileType = sourcecode.c.objc; path = CNSourceLink.m; sourceTree = "<group>"; };
		6F3DF290C45847D4636C91B5 /* CRRailroad.m */ = {isa = PBXFileReference; fileEncoding = 4; lastKnownFileType = sourcecode.c.objc; name = CRRailroad.m; path = Sources/CRRailroad.m; sourceTree = "<group>"; };
		6F3DF2B59F36D9E48B1FBBF3 /* CCNode+CENode.m */ = {isa = PBXFileReference; fileEncoding = 4; lastKnownFileType = sourcecode.c.objc; name = "CCNode+CENode.m"; path = "Sources/CCNode+CENode.m"; sourceTree = "<group>"; };
		6F3DF2BB040D09F87A322A91 /* CNMapLink.m */ = {isa = PBXFileReference; fileEncoding = 4; lastKnownFileType = sourcecode.c.objc; path = CNMapLink.m; sourceTree = "<group>"; };
		6F3DF2BE0BB2C87F4A6C6F0B /* CRRailroad+CRRailPoint.h */ = {isa = PBXFileReference; fileEncoding = 4; lastKnownFileType = sourcecode.c.h; name = "CRRailroad+CRRailPoint.h"; path = "Sources/CRRailroad+CRRailPoint.h"; sourceTree = "<group>"; };
		6F3DF2ED53658866984A13E1 /* CRCityColor.m */ = {isa = PBXFileReference; fileEncoding = 4; lastKnownFileType = sourcecode.c.objc; name = CRCityColor.m; path = Sources/CRCityColor.m; sourceTree = "<group>"; };
		6F3DF341927A48A6C21D810E /* CEEnum.h */ = {isa = PBXFileReference; fileEncoding = 4; lastKnownFileType = sourcecode.c.h; name = CEEnum.h; path = Sources/CEEnum.h; sourceTree = "<group>"; };
		6F3DF353225181D2D09AB785 /* Car1_Green-hd.png */ = {isa = PBXFileReference; lastKnownFileType = image.png; name = "Car1_Green-hd.png"; path = "Images/Car1/Sprite/Car1_Green-hd.png"; sourceTree = "<group>"; };
		6F3DF36A18CCC89D8594DEFB /* CEMap.m */ = {isa = PBXFileReference; fileEncoding = 4; lastKnownFileType = sourcecode.c.objc; name = CEMap.m; path = Sources/CEMap.m; sourceTree = "<group>"; };
		6F3DF3D8543B57C7CBE4C969 /* CRRailroadBuilder.m */ = {isa = PBXFileReference; fileEncoding = 4; lastKnownFileType = sourcecode.c.objc; name = CRRailroadBuilder.m; path = Sources/CRRailroadBuilder.m; sourceTree = "<group>"; };
		6F3DF3E1137F8D891311F7C8 /* CEOrtoSprite.h */ = {isa = PBXFileReference; fileEncoding = 4; lastKnownFileType = sourcecode.c.h; name = CEOrtoSprite.h; path = Sources/CEOrtoSprite.h; sourceTree = "<group>"; };
		6F3DF439E99063519D7F0D97 /* CRCar.m */ = {isa = PBXFileReference; fileEncoding = 4; lastKnownFileType = sourcecode.c.objc; name = CRCar.m; path = Sources/CRCar.m; sourceTree = "<group>"; };
		6F3DF448E7EB7A5F4D7BBC66 /* CNFilterLink.m */ = {isa = PBXFileReference; fileEncoding = 4; lastKnownFileType = sourcecode.c.objc; path = CNFilterLink.m; sourceTree = "<group>"; };
		6F3DF45371756DBD2C741507 /* CETileIndex.h */ = {isa = PBXFileReference; fileEncoding = 4; lastKnownFileType = sourcecode.c.h; name = CETileIndex.h; path = Sources/CETileIndex.h; sourceTree = "<group>"; };
		6F3DF462975CA05F835E0411 /* Car1_Green-hd.plist */ = {isa = PBXFileReference; fileEncoding = 4; lastKnownFileType = text.plist; name = "Car1_Green-hd.plist"; path = "Images/Car1/Sprite/Car1_Green-hd.plist"; sourceTree = "<group>"; };
		6F3DF47D79CC526D20F29924 /* Podfile */ = {isa = PBXFileReference; fileEncoding = 4; lastKnownFileType = text; path = Podfile; sourceTree = "<group>"; };
		6F3DF4B08BFD2871D484BC46 /* CNSourceLink.h */ = {isa = PBXFileReference; fileEncoding = 4; lastKnownFileType = sourcecode.c.h; path = CNSourceLink.h; sourceTree = "<group>"; };
		6F3DF4FE46DA237ACC5FA816 /* CRSwitch.h */ = {isa = PBXFileReference; fileEncoding = 4; lastKnownFileType = sourcecode.c.h; name = CRSwitch.h; path = Sources/CRSwitch.h; sourceTree = "<group>"; };
		6F3DF51536C06833E0501425 /* NSArray+CNChain.m */ = {isa = PBXFileReference; fileEncoding = 4; lastKnownFileType = sourcecode.c.objc; path = "NSArray+CNChain.m"; sourceTree = "<group>"; };
		6F3DF52BB88F00F60CEDE7E5 /* CRRailroad+CRSwitch.h */ = {isa = PBXFileReference; fileEncoding = 4; lastKnownFileType = sourcecode.c.h; name = "CRRailroad+CRSwitch.h"; path = "Sources/CRRailroad+CRSwitch.h"; sourceTree = "<group>"; };
		6F3DF5316F8ABD7B61E42262 /* CRRail.h */ = {isa = PBXFileReference; fileEncoding = 4; lastKnownFileType = sourcecode.c.h; name = CRRail.h; path = Sources/CRRail.h; sourceTree = "<group>"; };
		6F3DF5582429D099913A2E3C /* CRSwitchesComposition.h */ = {isa = PBXFileReference; fileEncoding = 4; lastKnownFileType = sourcecode.c.h; name = CRSwitchesComposition.h; path = Sources/CRSwitchesComposition.h; sourceTree = "<group>"; };
		6F3DF5942460323A9F109010 /* CRRailForm.h */ = {isa = PBXFileReference; fileEncoding = 4; lastKnownFileType = sourcecode.c.h; path = CRRailForm.h; sourceTree = "<group>"; };
		6F3DF5A965C94BF826D18AD5 /* CRRailroad+CRRailPoint.m */ = {isa = PBXFileReference; fileEncoding = 4; lastKnownFileType = sourcecode.c.objc; name = "CRRailroad+CRRailPoint.m"; path = "Sources/CRRailroad+CRRailPoint.m"; sourceTree = "<group>"; };
		6F3DF5E01CB9B1768FC94E92 /* CRRailroad+CRSwitch.m */ = {isa = PBXFileReference; fileEncoding = 4; lastKnownFileType = sourcecode.c.objc; name = "CRRailroad+CRSwitch.m"; path = "Sources/CRRailroad+CRSwitch.m"; sourceTree = "<group>"; };
		6F3DF5EFC24C89AA8D0E644C /* cr.h */ = {isa = PBXFileReference; fileEncoding = 4; lastKnownFileType = sourcecode.c.h; name = cr.h; path = Sources/cr.h; sourceTree = "<group>"; };
		6F3DF5FE8EF9F3C073099971 /* CCNode+CENode.h */ = {isa = PBXFileReference; fileEncoding = 4; lastKnownFileType = sourcecode.c.h; name = "CCNode+CENode.h"; path = "Sources/CCNode+CENode.h"; sourceTree = "<group>"; };
		6F3DF635A04A1EEE65CE7A6E /* CRCity.h */ = {isa = PBXFileReference; fileEncoding = 4; lastKnownFileType = sourcecode.c.h; name = CRCity.h; path = Sources/CRCity.h; sourceTree = "<group>"; };
		6F3DF657317C96AADA36A67B /* CRCityColor.h */ = {isa = PBXFileReference; fileEncoding = 4; lastKnownFileType = sourcecode.c.h; name = CRCityColor.h; path = Sources/CRCityColor.h; sourceTree = "<group>"; };
		6F3DF6666C3D9099AB966F87 /* Car1_Orange.plist */ = {isa = PBXFileReference; fileEncoding = 4; lastKnownFileType = text.plist; name = Car1_Orange.plist; path = Images/Car1/Sprite/Car1_Orange.plist; sourceTree = "<group>"; };
		6F3DF6C582BAC2EA2BAE5369 /* Car1_Green.plist */ = {isa = PBXFileReference; fileEncoding = 4; lastKnownFileType = text.plist; name = Car1_Green.plist; path = Images/Car1/Sprite/Car1_Green.plist; sourceTree = "<group>"; };
		6F3DF6D28F729E2FB40BC627 /* rails_rails-hd.png */ = {isa = PBXFileReference; lastKnownFileType = image.png; name = "rails_rails-hd.png"; path = "Images/Rails/Sprite/rails_rails-hd.png"; sourceTree = "<group>"; };
		6F3DF6D87AB6F610CD250608 /* CNYield.h */ = {isa = PBXFileReference; fileEncoding = 4; lastKnownFileType = sourcecode.c.h; path = CNYield.h; sourceTree = "<group>"; };
		6F3DF6E6B038745B7A29913E /* CNChain.h */ = {isa = PBXFileReference; fileEncoding = 4; lastKnownFileType = sourcecode.c.h; path = CNChain.h; sourceTree = "<group>"; };
		6F3DF73921F94975C2F02534 /* Rails.png */ = {isa = PBXFileReference; lastKnownFileType = image.png; name = Rails.png; path = Resources/Rails.png; sourceTree = "<group>"; };
		6F3DF745F457C41FE14A4F36 /* CRTrain.m */ = {isa = PBXFileReference; fileEncoding = 4; lastKnownFileType = sourcecode.c.objc; name = CRTrain.m; path = Sources/CRTrain.m; sourceTree = "<group>"; };
		6F3DF75B6BF126F1D8316576 /* CECurve.h */ = {isa = PBXFileReference; fileEncoding = 4; lastKnownFileType = sourcecode.c.h; name = CECurve.h; path = Sources/CECurve.h; sourceTree = "<group>"; };
		6F3DF810811FC56D99AB555F /* rails_rails.plist */ = {isa = PBXFileReference; fileEncoding = 4; lastKnownFileType = text.plist; name = rails_rails.plist; path = Images/Rails/Sprite/rails_rails.plist; sourceTree = "<group>"; };
		6F3DF85165447D6B762B3D7B /* CRSwitch.m */ = {isa = PBXFileReference; fileEncoding = 4; lastKnownFileType = sourcecode.c.objc; name = CRSwitch.m; path = Sources/CRSwitch.m; sourceTree = "<group>"; };
		6F3DF892677A53681CAD6625 /* CEEnum.m */ = {isa = PBXFileReference; fileEncoding = 4; lastKnownFileType = sourcecode.c.objc; name = CEEnum.m; path = Sources/CEEnum.m; sourceTree = "<group>"; };
		6F3DF8A9C6304588F26BC837 /* CRRailroad.h */ = {isa = PBXFileReference; fileEncoding = 4; lastKnownFileType = sourcecode.c.h; name = CRRailroad.h; path = Sources/CRRailroad.h; sourceTree = "<group>"; };
		6F3DF9217AB05E7415DA2C99 /* cocoa-ex.h */ = {isa = PBXFileReference; fileEncoding = 4; lastKnownFileType = sourcecode.c.h; name = "cocoa-ex.h"; path = "Sources/cocoa-ex.h"; sourceTree = "<group>"; };
		6F3DF954D2E97F8964D50A7A /* CNChainItem.m */ = {isa = PBXFileReference; fileEncoding = 4; lastKnownFileType = sourcecode.c.objc; path = CNChainItem.m; sourceTree = "<group>"; };
		6F3DF9751EA8E12D8BADEB27 /* Car1_Green.png */ = {isa = PBXFileReference; lastKnownFileType = image.png; name = Car1_Green.png; path = Images/Car1/Sprite/Car1_Green.png; sourceTree = "<group>"; };
		6F3DF9D7A5525294E7044A85 /* chain.h */ = {isa = PBXFileReference; fileEncoding = 4; lastKnownFileType = sourcecode.c.h; path = chain.h; sourceTree = "<group>"; };
		6F3DF9FBBD580702B9AFE76A /* CRCity.m */ = {isa = PBXFileReference; fileEncoding = 4; lastKnownFileType = sourcecode.c.objc; name = CRCity.m; path = Sources/CRCity.m; sourceTree = "<group>"; };
		6F3DFA260DC71D424613434D /* NSArray+CocoaEx.h */ = {isa = PBXFileReference; fileEncoding = 4; lastKnownFileType = sourcecode.c.h; name = "NSArray+CocoaEx.h"; path = "Sources/NSArray+CocoaEx.h"; sourceTree = "<group>"; };
		6F3DFA265F42C0CAC2DD981B /* CECurve.m */ = {isa = PBXFileReference; fileEncoding = 4; lastKnownFileType = sourcecode.c.objc; name = CECurve.m; path = Sources/CECurve.m; sourceTree = "<group>"; };
		6F3DFAB0765F2571447BCCDC /* NSArray+CocoaEx.m */ = {isa = PBXFileReference; fileEncoding = 4; lastKnownFileType = sourcecode.c.objc; name = "NSArray+CocoaEx.m"; path = "Sources/NSArray+CocoaEx.m"; sourceTree = "<group>"; };
		6F3DFAB671F92568BE6DC7DC /* crBase.h */ = {isa = PBXFileReference; fileEncoding = 4; lastKnownFileType = sourcecode.c.h; path = crBase.h; sourceTree = "<group>"; };
		6F3DFAC1A4DDCE46FB42707D /* cnTypes.h */ = {isa = PBXFileReference; fileEncoding = 4; lastKnownFileType = sourcecode.c.h; path = cnTypes.h; sourceTree = "<group>"; };
		6F3DFB5016ED966D48D7CD2C /* CRRail.m */ = {isa = PBXFileReference; fileEncoding = 4; lastKnownFileType = sourcecode.c.objc; name = CRRail.m; path = Sources/CRRail.m; sourceTree = "<group>"; };
		6F3DFB7F31B3649C52404F77 /* CEBezier.h */ = {isa = PBXFileReference; fileEncoding = 4; lastKnownFileType = sourcecode.c.h; name = CEBezier.h; path = Sources/CEBezier.h; sourceTree = "<group>"; };
		6F3DFB92CEF05392C19FFFFE /* CRCar.h */ = {isa = PBXFileReference; fileEncoding = 4; lastKnownFileType = sourcecode.c.h; name = CRCar.h; path = Sources/CRCar.h; sourceTree = "<group>"; };
		6F3DFBBA8ABBEDD55900EAE6 /* CRTrain.h */ = {isa = PBXFileReference; fileEncoding = 4; lastKnownFileType = sourcecode.c.h; name = CRTrain.h; path = Sources/CRTrain.h; sourceTree = "<group>"; };
		6F3DFC2F6B7A6ABE2951509A /* City.png */ = {isa = PBXFileReference; lastKnownFileType = image.png; name = City.png; path = Resources/City.png; sourceTree = "<group>"; };
		6F3DFC305919B5B882C7DB89 /* NSMutableArray+CocoaEx.m */ = {isa = PBXFileReference; fileEncoding = 4; lastKnownFileType = sourcecode.c.objc; name = "NSMutableArray+CocoaEx.m"; path = "Sources/NSMutableArray+CocoaEx.m"; sourceTree = "<group>"; };
		6F3DFC444DAFEC082F442948 /* CNYield.m */ = {isa = PBXFileReference; fileEncoding = 4; lastKnownFileType = sourcecode.c.objc; path = CNYield.m; sourceTree = "<group>"; };
		6F3DFC598C88B627956EA049 /* cocos2d-ex.h */ = {isa = PBXFileReference; fileEncoding = 4; lastKnownFileType = sourcecode.c.h; name = "cocos2d-ex.h"; path = "Sources/cocos2d-ex.h"; sourceTree = "<group>"; };
		6F3DFCAB236E8FCB3604B92D /* CRRailForm.m */ = {isa = PBXFileReference; fileEncoding = 4; lastKnownFileType = sourcecode.c.objc; path = CRRailForm.m; sourceTree = "<group>"; };
		6F3DFCB798DAF2C18877E904 /* CETileIndex.m */ = {isa = PBXFileReference; fileEncoding = 4; lastKnownFileType = sourcecode.c.objc; name = CETileIndex.m; path = Sources/CETileIndex.m; sourceTree = "<group>"; };
		6F3DFCCCD563C1F49F317FB8 /* CEMap.h */ = {isa = PBXFileReference; fileEncoding = 4; lastKnownFileType = sourcecode.c.h; name = CEMap.h; path = Sources/CEMap.h; sourceTree = "<group>"; };
		6F3DFCECF9B68D3A6CE42049 /* CNChain.m */ = {isa = PBXFileReference; fileEncoding = 4; lastKnownFileType = sourcecode.c.objc; path = CNChain.m; sourceTree = "<group>"; };
		6F3DFD11FF58D6AF3F466B08 /* CEOrtoSprite.m */ = {isa = PBXFileReference; fileEncoding = 4; lastKnownFileType = sourcecode.c.objc; name = CEOrtoSprite.m; path = Sources/CEOrtoSprite.m; sourceTree = "<group>"; };
		6F3DFD6424C6232A8ACA597D /* CRRailroadBuilder.h */ = {isa = PBXFileReference; fileEncoding = 4; lastKnownFileType = sourcecode.c.h; name = CRRailroadBuilder.h; path = Sources/CRRailroadBuilder.h; sourceTree = "<group>"; };
		6F3DFDA903DBA378366693F2 /* CEBezier.m */ = {isa = PBXFileReference; fileEncoding = 4; lastKnownFileType = sourcecode.c.objc; name = CEBezier.m; path = Sources/CEBezier.m; sourceTree = "<group>"; };
		6F3DFDCE9BF1251078C65FA1 /* rails_rails-hd.plist */ = {isa = PBXFileReference; fileEncoding = 4; lastKnownFileType = text.plist; name = "rails_rails-hd.plist"; path = "Images/Rails/Sprite/rails_rails-hd.plist"; sourceTree = "<group>"; };
		6F3DFE039171F0513F282F2F /* CNFilterLink.h */ = {isa = PBXFileReference; fileEncoding = 4; lastKnownFileType = sourcecode.c.h; path = CNFilterLink.h; sourceTree = "<group>"; };
		6F3DFE0C4C1D01E435635329 /* NSArray+CNChain.h */ = {isa = PBXFileReference; fileEncoding = 4; lastKnownFileType = sourcecode.c.h; path = "NSArray+CNChain.h"; sourceTree = "<group>"; };
		6F3DFE2F91024045053DD4B1 /* CEOrtoMap.m */ = {isa = PBXFileReference; fileEncoding = 4; lastKnownFileType = sourcecode.c.objc; name = CEOrtoMap.m; path = Sources/CEOrtoMap.m; sourceTree = "<group>"; };
		6F3DFE55268CAB885D0C4A01 /* Car1_Orange-hd.png */ = {isa = PBXFileReference; lastKnownFileType = image.png; name = "Car1_Orange-hd.png"; path = "Images/Car1/Sprite/Car1_Orange-hd.png"; sourceTree = "<group>"; };
		6F3DFF02A479E0134E38EEE9 /* CCSprite+CESprite.m */ = {isa = PBXFileReference; fileEncoding = 4; lastKnownFileType = sourcecode.c.objc; name = "CCSprite+CESprite.m"; path = "Sources/CCSprite+CESprite.m"; sourceTree = "<group>"; };
		6F3DFF48F1E4DE0EE3E5BCCB /* CNChainItem.h */ = {isa = PBXFileReference; fileEncoding = 4; lastKnownFileType = sourcecode.c.h; path = CNChainItem.h; sourceTree = "<group>"; };
		6F3DFF4F7796C24E253725BA /* CNMapLink.h */ = {isa = PBXFileReference; fileEncoding = 4; lastKnownFileType = sourcecode.c.h; path = CNMapLink.h; sourceTree = "<group>"; };
		6F3DFF87623D8983EA6115F3 /* CEOrtoMap.h */ = {isa = PBXFileReference; fileEncoding = 4; lastKnownFileType = sourcecode.c.h; name = CEOrtoMap.h; path = Sources/CEOrtoMap.h; sourceTree = "<group>"; };
		6F3DFF9F7E122A314C289688 /* NSMutableArray+CocoaEx.h */ = {isa = PBXFileReference; fileEncoding = 4; lastKnownFileType = sourcecode.c.h; name = "NSMutableArray+CocoaEx.h"; path = "Sources/NSMutableArray+CocoaEx.h"; sourceTree = "<group>"; };
		6F3DFFBF2D0EBEC1D1CCE5DF /* CRSwitchesComposition.m */ = {isa = PBXFileReference; fileEncoding = 4; lastKnownFileType = sourcecode.c.objc; name = CRSwitchesComposition.m; path = Sources/CRSwitchesComposition.m; sourceTree = "<group>"; };
		6F3DFFC87FF30CC319AE0D68 /* CCSprite+CESprite.h */ = {isa = PBXFileReference; fileEncoding = 4; lastKnownFileType = sourcecode.c.h; name = "CCSprite+CESprite.h"; path = "Sources/CCSprite+CESprite.h"; sourceTree = "<group>"; };
		B8ACB03F5AB241CA9AB573A0 /* libPods.a */ = {isa = PBXFileReference; explicitFileType = archive.ar; includeInIndex = 0; path = libPods.a; sourceTree = BUILT_PRODUCTS_DIR; };
		EF01C7EE3DE44BDDB0343EF5 /* Pods-test.xcconfig */ = {isa = PBXFileReference; includeInIndex = 1; lastKnownFileType = text.xcconfig; name = "Pods-test.xcconfig"; path = "Pods/Pods-test.xcconfig"; sourceTree = SOURCE_ROOT; };
/* End PBXFileReference section */

/* Begin PBXFrameworksBuildPhase section */
		0287AEEE16E357C200539ABF /* Frameworks */ = {
			isa = PBXFrameworksBuildPhase;
			buildActionMask = 2147483647;
			files = (
				0287AEF416E357C200539ABF /* SenTestingKit.framework in Frameworks */,
				0287AEF616E357C200539ABF /* Cocoa.framework in Frameworks */,
				6254427F29694420A1C77A6F /* libPods-test.a in Frameworks */,
			);
			runOnlyForDeploymentPostprocessing = 0;
		};
		0291C459161B67990085AB91 /* Frameworks */ = {
			isa = PBXFrameworksBuildPhase;
			buildActionMask = 2147483647;
			files = (
				0291C461161B67990085AB91 /* QuartzCore.framework in Frameworks */,
				0291C463161B67990085AB91 /* OpenGL.framework in Frameworks */,
				0291C465161B67990085AB91 /* OpenAL.framework in Frameworks */,
				0291C467161B67990085AB91 /* AudioToolbox.framework in Frameworks */,
				0291C469161B67990085AB91 /* AppKit.framework in Frameworks */,
				0291C46B161B67990085AB91 /* Foundation.framework in Frameworks */,
				20DC87CEB3964AACA387D61E /* libPods.a in Frameworks */,
			);
			runOnlyForDeploymentPostprocessing = 0;
		};
/* End PBXFrameworksBuildPhase section */

/* Begin PBXGroup section */
		0287AEF716E357C200539ABF /* Other Frameworks */ = {
			isa = PBXGroup;
			children = (
				0287AEF816E357C200539ABF /* AppKit.framework */,
				0287AEF916E357C200539ABF /* CoreData.framework */,
				0287AEFA16E357C200539ABF /* Foundation.framework */,
			);
			name = "Other Frameworks";
			sourceTree = "<group>";
		};
		0287AEFB16E357C200539ABF /* ChainTest */ = {
			isa = PBXGroup;
			children = (
				0287AF0216E357C200539ABF /* CNChainTest.m */,
				0287AEFC16E357C200539ABF /* Supporting Files */,
			);
			path = ChainTest;
			sourceTree = "<group>";
		};
		0287AEFC16E357C200539ABF /* Supporting Files */ = {
			isa = PBXGroup;
			children = (
				0287AEFD16E357C200539ABF /* ChainTest-Info.plist */,
				0287AEFE16E357C200539ABF /* InfoPlist.strings */,
				0287AF0416E357C200539ABF /* ChainTest-Prefix.pch */,
			);
			name = "Supporting Files";
			sourceTree = "<group>";
		};
		028F1C07161F6522002FE46D /* Textures */ = {
			isa = PBXGroup;
			children = (
				0291C5E9161B680C0085AB91 /* Grass.png */,
				6F3DF73921F94975C2F02534 /* Rails.png */,
				6F3DFC2F6B7A6ABE2951509A /* City.png */,
			);
			name = Textures;
			sourceTree = "<group>";
		};
		028F1C09161F660E002FE46D /* CocosEx */ = {
			isa = PBXGroup;
			children = (
				6F3DF5FE8EF9F3C073099971 /* CCNode+CENode.h */,
				6F3DF341927A48A6C21D810E /* CEEnum.h */,
				6F3DFA265F42C0CAC2DD981B /* CECurve.m */,
				6F3DFDA903DBA378366693F2 /* CEBezier.m */,
				6F3DFFC87FF30CC319AE0D68 /* CCSprite+CESprite.h */,
				6F3DFD11FF58D6AF3F466B08 /* CEOrtoSprite.m */,
				6F3DF75B6BF126F1D8316576 /* CECurve.h */,
				6F3DF2B59F36D9E48B1FBBF3 /* CCNode+CENode.m */,
				6F3DF3E1137F8D891311F7C8 /* CEOrtoSprite.h */,
				6F3DFCCCD563C1F49F317FB8 /* CEMap.h */,
				6F3DF36A18CCC89D8594DEFB /* CEMap.m */,
				6F3DFCB798DAF2C18877E904 /* CETileIndex.m */,
				6F3DF45371756DBD2C741507 /* CETileIndex.h */,
				6F3DFF87623D8983EA6115F3 /* CEOrtoMap.h */,
				6F3DFB7F31B3649C52404F77 /* CEBezier.h */,
				0291C5E1161B679B0085AB91 /* CETextureBackgroundLayer.h */,
				0291C5E2161B679B0085AB91 /* CETextureBackgroundLayer.m */,
				6F3DF892677A53681CAD6625 /* CEEnum.m */,
				6F3DFE2F91024045053DD4B1 /* CEOrtoMap.m */,
				6F3DFF02A479E0134E38EEE9 /* CCSprite+CESprite.m */,
				6F3DFC598C88B627956EA049 /* cocos2d-ex.h */,
			);
			name = CocosEx;
			sourceTree = "<group>";
		};
		028F1C0D161F6704002FE46D /* Level */ = {
			isa = PBXGroup;
			children = (
				028F1C0A161F66FD002FE46D /* CRLevel.h */,
				028F1C0B161F66FD002FE46D /* CRLevel.m */,
			);
			name = Level;
			sourceTree = "<group>";
		};
		0291C451161B67990085AB91 = {
			isa = PBXGroup;
			children = (
				0291C46C161B67990085AB91 /* TrainsOSX */,
				0287AEFB16E357C200539ABF /* ChainTest */,
				0291C45F161B67990085AB91 /* Frameworks */,
				0291C45D161B67990085AB91 /* Products */,
				64CAF13C32E6472084F28C75 /* Pods.xcconfig */,
				6F3DF47D79CC526D20F29924 /* Podfile */,
				EF01C7EE3DE44BDDB0343EF5 /* Pods-test.xcconfig */,
			);
			sourceTree = "<group>";
		};
		0291C45D161B67990085AB91 /* Products */ = {
			isa = PBXGroup;
			children = (
				0291C45C161B67990085AB91 /* TrainsOSX.app */,
				0287AEF216E357C200539ABF /* ChainTest.octest */,
			);
			name = Products;
			sourceTree = "<group>";
		};
		0291C45F161B67990085AB91 /* Frameworks */ = {
			isa = PBXGroup;
			children = (
				0291C460161B67990085AB91 /* QuartzCore.framework */,
				0291C462161B67990085AB91 /* OpenGL.framework */,
				0291C464161B67990085AB91 /* OpenAL.framework */,
				0291C466161B67990085AB91 /* AudioToolbox.framework */,
				0291C468161B67990085AB91 /* AppKit.framework */,
				0291C46A161B67990085AB91 /* Foundation.framework */,
				B8ACB03F5AB241CA9AB573A0 /* libPods.a */,
				0287AEF316E357C200539ABF /* SenTestingKit.framework */,
				0287AEF516E357C200539ABF /* Cocoa.framework */,
				0287AEF716E357C200539ABF /* Other Frameworks */,
				1288EEDB5A8147B58C71AFE5 /* libPods-test.a */,
			);
			name = Frameworks;
			sourceTree = "<group>";
		};
		0291C46C161B67990085AB91 /* TrainsOSX */ = {
			isa = PBXGroup;
			children = (
				6F3DFDBDBF8214515D010FC1 /* Sources */,
				0291C46D161B67990085AB91 /* Resources */,
				6F3DF609C408525FE8B88180 /* CocoaEx */,
				028F1C09161F660E002FE46D /* CocosEx */,
				6F3DF3E5667B28255359A253 /* Chain */,
			);
			path = TrainsOSX;
			sourceTree = "<group>";
		};
		0291C46D161B67990085AB91 /* Resources */ = {
			isa = PBXGroup;
			children = (
				028F1C07161F6522002FE46D /* Textures */,
				0291C475161B67990085AB91 /* fps_images.png */,
				0291C477161B67990085AB91 /* icon.icns */,
				0291C479161B67990085AB91 /* Info.plist */,
				0291C46E161B67990085AB91 /* English.lproj */,
				6F3DF3B233A04E9F3F3F8AF5 /* Car1 */,
				6F3DF042F2DE32D2BCEC36CB /* Rails */,
			);
			name = Resources;
			sourceTree = "<group>";
		};
		0291C46E161B67990085AB91 /* English.lproj */ = {
			isa = PBXGroup;
			children = (
				0291C46F161B67990085AB91 /* InfoPlist.strings */,
				0291C472161B67990085AB91 /* MainMenu.xib */,
			);
			name = English.lproj;
			sourceTree = "<group>";
		};
		6F3DF042F2DE32D2BCEC36CB /* Rails */ = {
			isa = PBXGroup;
			children = (
				6F3DFDCE9BF1251078C65FA1 /* rails_rails-hd.plist */,
				6F3DF6D28F729E2FB40BC627 /* rails_rails-hd.png */,
				6F3DF810811FC56D99AB555F /* rails_rails.plist */,
				6F3DF199403BB9EA79FF3E39 /* rails_rails.png */,
			);
			name = Rails;
			sourceTree = "<group>";
		};
		6F3DF2DADBEBE79BD9AF35E4 /* Base */ = {
			isa = PBXGroup;
			children = (
				6F3DF5EFC24C89AA8D0E644C /* cr.h */,
				6F3DF2ED53658866984A13E1 /* CRCityColor.m */,
				6F3DF657317C96AADA36A67B /* CRCityColor.h */,
				6F3DFCAB236E8FCB3604B92D /* CRRailForm.m */,
				6F3DF5942460323A9F109010 /* CRRailForm.h */,
				6F3DFAB671F92568BE6DC7DC /* crBase.h */,
			);
			name = Base;
			sourceTree = "<group>";
		};
		6F3DF3B233A04E9F3F3F8AF5 /* Car1 */ = {
			isa = PBXGroup;
			children = (
				6F3DF462975CA05F835E0411 /* Car1_Green-hd.plist */,
				6F3DF353225181D2D09AB785 /* Car1_Green-hd.png */,
				6F3DF6C582BAC2EA2BAE5369 /* Car1_Green.plist */,
				6F3DF9751EA8E12D8BADEB27 /* Car1_Green.png */,
				6F3DF20B44B6ADF28431DB15 /* Car1_Orange-hd.plist */,
				6F3DFE55268CAB885D0C4A01 /* Car1_Orange-hd.png */,
				6F3DF6666C3D9099AB966F87 /* Car1_Orange.plist */,
				6F3DF1E856A58245EF3E6A17 /* Car1_Orange.png */,
			);
			name = Car1;
			sourceTree = "<group>";
		};
		6F3DF3E5667B28255359A253 /* Chain */ = {
			isa = PBXGroup;
			children = (
				6F3DFDE50D7D7B5CDCB8BB65 /* Core */,
				6F3DF87C5BD7FB63ED4F8536 /* Categories */,
				6F3DFE7E03B626686D949769 /* Links */,
			);
			path = Chain;
			sourceTree = "<group>";
		};
		6F3DF47CF721D1F8B2FBAE5C /* App */ = {
			isa = PBXGroup;
			children = (
				0291C5DE161B679B0085AB91 /* AppDelegate.h */,
				0291C5DF161B679B0085AB91 /* AppDelegate.m */,
				0291C5DC161B679B0085AB91 /* main.m */,
				0291C5DB161B679B0085AB91 /* Prefix.pch */,
			);
			name = App;
			sourceTree = "<group>";
		};
		6F3DF609C408525FE8B88180 /* CocoaEx */ = {
			isa = PBXGroup;
			children = (
				6F3DF9217AB05E7415DA2C99 /* cocoa-ex.h */,
				6F3DFF9F7E122A314C289688 /* NSMutableArray+CocoaEx.h */,
				6F3DFC305919B5B882C7DB89 /* NSMutableArray+CocoaEx.m */,
				6F3DFA260DC71D424613434D /* NSArray+CocoaEx.h */,
				6F3DFAB0765F2571447BCCDC /* NSArray+CocoaEx.m */,
			);
			name = CocoaEx;
			sourceTree = "<group>";
		};
		6F3DF744BD253279AD81D618 /* Railroad */ = {
			isa = PBXGroup;
			children = (
				6F3DF290C45847D4636C91B5 /* CRRailroad.m */,
				6F3DF635A04A1EEE65CE7A6E /* CRCity.h */,
				6F3DF9FBBD580702B9AFE76A /* CRCity.m */,
				6F3DF5316F8ABD7B61E42262 /* CRRail.h */,
				6F3DFB5016ED966D48D7CD2C /* CRRail.m */,
				6F3DF8A9C6304588F26BC837 /* CRRailroad.h */,
				6F3DF2BE0BB2C87F4A6C6F0B /* CRRailroad+CRRailPoint.h */,
				6F3DF5A965C94BF826D18AD5 /* CRRailroad+CRRailPoint.m */,
				6F3DF3D8543B57C7CBE4C969 /* CRRailroadBuilder.m */,
				6F3DFD6424C6232A8ACA597D /* CRRailroadBuilder.h */,
			);
			name = Railroad;
			sourceTree = "<group>";
		};
		6F3DF87C5BD7FB63ED4F8536 /* Categories */ = {
			isa = PBXGroup;
			children = (
				6F3DFE0C4C1D01E435635329 /* NSArray+CNChain.h */,
				6F3DF51536C06833E0501425 /* NSArray+CNChain.m */,
			);
			path = Categories;
			sourceTree = "<group>";
		};
		6F3DF9A39DB3362002A37EE9 /* Train */ = {
			isa = PBXGroup;
			children = (
				6F3DF439E99063519D7F0D97 /* CRCar.m */,
				6F3DFB92CEF05392C19FFFFE /* CRCar.h */,
				6F3DFBBA8ABBEDD55900EAE6 /* CRTrain.h */,
				6F3DF745F457C41FE14A4F36 /* CRTrain.m */,
			);
			name = Train;
			sourceTree = "<group>";
		};
		6F3DFDBDBF8214515D010FC1 /* Sources */ = {
			isa = PBXGroup;
			children = (
				028F1C0D161F6704002FE46D /* Level */,
				6F3DF744BD253279AD81D618 /* Railroad */,
				6F3DF47CF721D1F8B2FBAE5C /* App */,
				6F3DF9A39DB3362002A37EE9 /* Train */,
				6F3DFF081BFA3C001DA2D931 /* Switch */,
				6F3DF2DADBEBE79BD9AF35E4 /* Base */,
			);
			name = Sources;
			sourceTree = "<group>";
		};
		6F3DFDE50D7D7B5CDCB8BB65 /* Core */ = {
			isa = PBXGroup;
			children = (
				6F3DF6E6B038745B7A29913E /* CNChain.h */,
				6F3DFCECF9B68D3A6CE42049 /* CNChain.m */,
				6F3DFF48F1E4DE0EE3E5BCCB /* CNChainItem.h */,
				6F3DF954D2E97F8964D50A7A /* CNChainItem.m */,
				6F3DFAC1A4DDCE46FB42707D /* cnTypes.h */,
				6F3DFC444DAFEC082F442948 /* CNYield.m */,
				6F3DF6D87AB6F610CD250608 /* CNYield.h */,
				6F3DF9D7A5525294E7044A85 /* chain.h */,
			);
			path = Core;
			sourceTree = "<group>";
		};
		6F3DFE7E03B626686D949769 /* Links */ = {
			isa = PBXGroup;
			children = (
				6F3DF253CC7C4559042960F0 /* CNSourceLink.m */,
				6F3DF4B08BFD2871D484BC46 /* CNSourceLink.h */,
				6F3DF448E7EB7A5F4D7BBC66 /* CNFilterLink.m */,
				6F3DFE039171F0513F282F2F /* CNFilterLink.h */,
				6F3DFF4F7796C24E253725BA /* CNMapLink.h */,
				6F3DF2BB040D09F87A322A91 /* CNMapLink.m */,
			);
			path = Links;
			sourceTree = "<group>";
		};
		6F3DFF081BFA3C001DA2D931 /* Switch */ = {
			isa = PBXGroup;
			children = (
				6F3DF52BB88F00F60CEDE7E5 /* CRRailroad+CRSwitch.h */,
				6F3DF5E01CB9B1768FC94E92 /* CRRailroad+CRSwitch.m */,
				6F3DF85165447D6B762B3D7B /* CRSwitch.m */,
				6F3DF4FE46DA237ACC5FA816 /* CRSwitch.h */,
				6F3DFFBF2D0EBEC1D1CCE5DF /* CRSwitchesComposition.m */,
				6F3DF5582429D099913A2E3C /* CRSwitchesComposition.h */,
			);
			name = Switch;
			sourceTree = "<group>";
		};
/* End PBXGroup section */

/* Begin PBXNativeTarget section */
		0287AEF116E357C200539ABF /* ChainTest */ = {
			isa = PBXNativeTarget;
			buildConfigurationList = 0287AF0716E357C200539ABF /* Build configuration list for PBXNativeTarget "ChainTest" */;
			buildPhases = (
				0287AEED16E357C200539ABF /* Sources */,
				0287AEEE16E357C200539ABF /* Frameworks */,
				0287AEEF16E357C200539ABF /* Resources */,
				0287AEF016E357C200539ABF /* ShellScript */,
				57F333F9C17644628728E109 /* Copy Pods Resources */,
			);
			buildRules = (
			);
			dependencies = (
			);
			name = ChainTest;
			productName = ChainTest;
			productReference = 0287AEF216E357C200539ABF /* ChainTest.octest */;
			productType = "com.apple.product-type.bundle";
		};
		0291C45B161B67990085AB91 /* TrainsOSX */ = {
			isa = PBXNativeTarget;
			buildConfigurationList = 0291C5E6161B679B0085AB91 /* Build configuration list for PBXNativeTarget "TrainsOSX" */;
			buildPhases = (
				0291C458161B67990085AB91 /* Sources */,
				0291C459161B67990085AB91 /* Frameworks */,
				0291C45A161B67990085AB91 /* Resources */,
				9472BD4321504D7EB8415AB6 /* Copy Pods Resources */,
			);
			buildRules = (
			);
			dependencies = (
			);
			name = TrainsOSX;
			productName = TrainsOSX;
			productReference = 0291C45C161B67990085AB91 /* TrainsOSX.app */;
			productType = "com.apple.product-type.application";
		};
/* End PBXNativeTarget section */

/* Begin PBXProject section */
		0291C453161B67990085AB91 /* Project object */ = {
			isa = PBXProject;
			attributes = {
				LastUpgradeCheck = 0450;
			};
			buildConfigurationList = 0291C456161B67990085AB91 /* Build configuration list for PBXProject "TrainsOSX" */;
			compatibilityVersion = "Xcode 3.2";
			developmentRegion = English;
			hasScannedForEncodings = 0;
			knownRegions = (
				en,
				English,
			);
			mainGroup = 0291C451161B67990085AB91;
			productRefGroup = 0291C45D161B67990085AB91 /* Products */;
			projectDirPath = "";
			projectRoot = "";
			targets = (
				0291C45B161B67990085AB91 /* TrainsOSX */,
				0287AEF116E357C200539ABF /* ChainTest */,
			);
		};
/* End PBXProject section */

/* Begin PBXResourcesBuildPhase section */
		0287AEEF16E357C200539ABF /* Resources */ = {
			isa = PBXResourcesBuildPhase;
			buildActionMask = 2147483647;
			files = (
				0287AF0016E357C200539ABF /* InfoPlist.strings in Resources */,
			);
			runOnlyForDeploymentPostprocessing = 0;
		};
		0291C45A161B67990085AB91 /* Resources */ = {
			isa = PBXResourcesBuildPhase;
			buildActionMask = 2147483647;
			files = (
				0291C471161B67990085AB91 /* InfoPlist.strings in Resources */,
				0291C474161B67990085AB91 /* MainMenu.xib in Resources */,
				0291C476161B67990085AB91 /* fps_images.png in Resources */,
				0291C478161B67990085AB91 /* icon.icns in Resources */,
				0291C5EA161B680C0085AB91 /* Grass.png in Resources */,
				6F3DF805A9BFF0DD47BFB091 /* Rails.png in Resources */,
				6F3DF13C5422A063C38A1C07 /* City.png in Resources */,
				6F3DF7AE28608C93F5D9A837 /* Podfile in Resources */,
				6F3DF3C133D5B3718826DFE1 /* Car1_Green-hd.plist in Resources */,
				6F3DFDB990B1FFC01FE89092 /* Car1_Green-hd.png in Resources */,
				6F3DF42782BF5B40CAC00293 /* Car1_Green.plist in Resources */,
				6F3DFC75D1D5C46D0AA5DF41 /* Car1_Green.png in Resources */,
				6F3DF9C2F963F30BC33AC3A4 /* Car1_Orange-hd.plist in Resources */,
				6F3DFDDAC7C9278F62FA5A4A /* Car1_Orange-hd.png in Resources */,
				6F3DF2A14065207E43079C03 /* Car1_Orange.plist in Resources */,
				6F3DF7B3A639B7042608A8DD /* Car1_Orange.png in Resources */,
				6F3DFD28A9F4E481565A3448 /* rails_rails-hd.plist in Resources */,
				6F3DF5998F1C8FCEF8C5EAAF /* rails_rails-hd.png in Resources */,
				6F3DF361841A9DC1DAA562A5 /* rails_rails.plist in Resources */,
				6F3DF640A36210EF23369B35 /* rails_rails.png in Resources */,
			);
			runOnlyForDeploymentPostprocessing = 0;
		};
/* End PBXResourcesBuildPhase section */

/* Begin PBXShellScriptBuildPhase section */
		0287AEF016E357C200539ABF /* ShellScript */ = {
			isa = PBXShellScriptBuildPhase;
			buildActionMask = 2147483647;
			files = (
			);
			inputPaths = (
			);
			outputPaths = (
			);
			runOnlyForDeploymentPostprocessing = 0;
			shellPath = /bin/sh;
			shellScript = "# Run the unit tests in this test bundle.\n\"${SYSTEM_DEVELOPER_DIR}/Tools/RunUnitTests\"\n";
		};
		57F333F9C17644628728E109 /* Copy Pods Resources */ = {
			isa = PBXShellScriptBuildPhase;
			buildActionMask = 2147483647;
			files = (
			);
			inputPaths = (
			);
			name = "Copy Pods Resources";
			outputPaths = (
			);
			runOnlyForDeploymentPostprocessing = 0;
			shellPath = /bin/sh;
			shellScript = "\"${SRCROOT}/Pods/Pods-test-resources.sh\"\n";
		};
		9472BD4321504D7EB8415AB6 /* Copy Pods Resources */ = {
			isa = PBXShellScriptBuildPhase;
			buildActionMask = 2147483647;
			files = (
			);
			inputPaths = (
			);
			name = "Copy Pods Resources";
			outputPaths = (
			);
			runOnlyForDeploymentPostprocessing = 0;
			shellPath = /bin/sh;
			shellScript = "\"${SRCROOT}/Pods/Pods-resources.sh\"\n";
		};
/* End PBXShellScriptBuildPhase section */

/* Begin PBXSourcesBuildPhase section */
		0287AEED16E357C200539ABF /* Sources */ = {
			isa = PBXSourcesBuildPhase;
			buildActionMask = 2147483647;
			files = (
				0287AF0316E357C200539ABF /* CNChainTest.m in Sources */,
				0210224016E38CB400E60097 /* CNChain.m in Sources */,
				0210224116E38CC600E60097 /* CNChainItem.m in Sources */,
				0210224216E38CCA00E60097 /* CNYield.m in Sources */,
				0210224316E38CD000E60097 /* NSArray+CNChain.m in Sources */,
				0210224416E38CD600E60097 /* CNSourceLink.m in Sources */,
				6F3DF5BBA960AACAE03F8F87 /* CNFilterLink.m in Sources */,
				6F3DF77306CB9FAC80036311 /* CNMapLink.m in Sources */,
			);
			runOnlyForDeploymentPostprocessing = 0;
		};
		0291C458161B67990085AB91 /* Sources */ = {
			isa = PBXSourcesBuildPhase;
			buildActionMask = 2147483647;
			files = (
				026F67B01673B758006C59C9 /* CRRailroad+CRSwitch.m in Sources */,
				0291C5DD161B679B0085AB91 /* main.m in Sources */,
				0291C5E0161B679B0085AB91 /* AppDelegate.m in Sources */,
				0291C5E3161B679B0085AB91 /* CETextureBackgroundLayer.m in Sources */,
				028F1C0C161F66FD002FE46D /* CRLevel.m in Sources */,
				6F3DF2E05D88DB4A0FCB7F1B /* CRRail.m in Sources */,
				6F3DF1C2F3F81C7FCEB6B245 /* CRRailroad.m in Sources */,
				6F3DF6D4ACA4E91E33B357B0 /* CRRailroadBuilder.m in Sources */,
				6F3DF6DB7CF2544BF506D0B4 /* CETileIndex.m in Sources */,
				6F3DF3B1534D612C4D75148F /* CEOrtoMap.m in Sources */,
				6F3DF9FD84DFACCA42CFE909 /* CEMap.m in Sources */,
				6F3DF6C26D6964C7CA523252 /* CCNode+CENode.m in Sources */,
				6F3DF099F3A1D126D316CF6F /* CCSprite+CESprite.m in Sources */,
				6F3DFF5433CDC5BEB3F26954 /* CRCity.m in Sources */,
				6F3DFCD734D4F4C31813442B /* CRTrain.m in Sources */,
				6F3DFAB0237E6EEA3BA0AA6C /* CRCar.m in Sources */,
				6F3DFA0938641A0099140508 /* CRRailroad+CRRailPoint.m in Sources */,
				6F3DF86A1C5B32EA136FAE66 /* CECurve.m in Sources */,
				6F3DFFDF4981BC81C1ED8575 /* CEBezier.m in Sources */,
				6F3DFF3770913B4B25C8A123 /* CEOrtoSprite.m in Sources */,
				6F3DF5949E6109FA0C483A0E /* NSMutableArray+CocoaEx.m in Sources */,
				6F3DFD0D54399F420F603AA3 /* CRSwitch.m in Sources */,
				6F3DF72CAD7F617448442CB4 /* CRSwitchesComposition.m in Sources */,
				6F3DF4B77D00078E6F6B32DC /* NSArray+CocoaEx.m in Sources */,
				6F3DF9A5F6E7E441601AD049 /* CRCityColor.m in Sources */,
				6F3DF63DC472B1D54FF4383C /* CEEnum.m in Sources */,
				6F3DF5B3EF0456D433E7F55F /* CRRailForm.m in Sources */,
				6F3DF7A6E778FE7E6718DC90 /* CNChain.m in Sources */,
				6F3DFC5CDE0C6942F05CC9B3 /* NSArray+CNChain.m in Sources */,
				6F3DF0A78C3DC67C2634EF2A /* CNChainItem.m in Sources */,
				6F3DFCBEAFC1A5790C4F10F1 /* CNSourceLink.m in Sources */,
				6F3DF79893ACFD543E0F188C /* CNYield.m in Sources */,
				6F3DF569B98ED9F453C829D2 /* CNFilterLink.m in Sources */,
				6F3DF98B7ABA25D650E3D01B /* CNMapLink.m in Sources */,
			);
			runOnlyForDeploymentPostprocessing = 0;
		};
/* End PBXSourcesBuildPhase section */

/* Begin PBXVariantGroup section */
		0287AEFE16E357C200539ABF /* InfoPlist.strings */ = {
			isa = PBXVariantGroup;
			children = (
				0287AEFF16E357C200539ABF /* en */,
			);
			name = InfoPlist.strings;
			sourceTree = "<group>";
		};
		0291C46F161B67990085AB91 /* InfoPlist.strings */ = {
			isa = PBXVariantGroup;
			children = (
				0291C470161B67990085AB91 /* InfoPlist.strings */,
			);
			name = InfoPlist.strings;
			sourceTree = "<group>";
		};
		0291C472161B67990085AB91 /* MainMenu.xib */ = {
			isa = PBXVariantGroup;
			children = (
				0291C473161B67990085AB91 /* MainMenu.xib */,
			);
			name = MainMenu.xib;
			sourceTree = "<group>";
		};
/* End PBXVariantGroup section */

/* Begin XCBuildConfiguration section */
		0287AF0516E357C200539ABF /* Debug */ = {
			isa = XCBuildConfiguration;
			baseConfigurationReference = EF01C7EE3DE44BDDB0343EF5 /* Pods-test.xcconfig */;
			buildSettings = {
				CLANG_CXX_LANGUAGE_STANDARD = "gnu++0x";
				CLANG_CXX_LIBRARY = "libc++";
				CLANG_WARN_CONSTANT_CONVERSION = YES;
				CLANG_WARN_EMPTY_BODY = YES;
				CLANG_WARN_ENUM_CONVERSION = YES;
				CLANG_WARN_INT_CONVERSION = YES;
				CLANG_WARN__DUPLICATE_METHOD_MATCH = YES;
				COMBINE_HIDPI_IMAGES = YES;
				COPY_PHASE_STRIP = NO;
				GCC_DYNAMIC_NO_PIC = NO;
				GCC_ENABLE_OBJC_EXCEPTIONS = YES;
				GCC_PRECOMPILE_PREFIX_HEADER = YES;
				GCC_PREFIX_HEADER = "ChainTest/ChainTest-Prefix.pch";
				GCC_PREPROCESSOR_DEFINITIONS = (
					"DEBUG=1",
					"$(inherited)",
				);
				GCC_WARN_UNINITIALIZED_AUTOS = YES;
				INFOPLIST_FILE = "ChainTest/ChainTest-Info.plist";
				PRODUCT_NAME = "$(TARGET_NAME)";
				WRAPPER_EXTENSION = octest;
			};
			name = Debug;
		};
		0287AF0616E357C200539ABF /* Release */ = {
			isa = XCBuildConfiguration;
			baseConfigurationReference = EF01C7EE3DE44BDDB0343EF5 /* Pods-test.xcconfig */;
			buildSettings = {
				CLANG_CXX_LANGUAGE_STANDARD = "gnu++0x";
				CLANG_CXX_LIBRARY = "libc++";
				CLANG_WARN_CONSTANT_CONVERSION = YES;
				CLANG_WARN_EMPTY_BODY = YES;
				CLANG_WARN_ENUM_CONVERSION = YES;
				CLANG_WARN_INT_CONVERSION = YES;
				CLANG_WARN__DUPLICATE_METHOD_MATCH = YES;
				COMBINE_HIDPI_IMAGES = YES;
				COPY_PHASE_STRIP = YES;
				DEBUG_INFORMATION_FORMAT = "dwarf-with-dsym";
				GCC_ENABLE_OBJC_EXCEPTIONS = YES;
				GCC_PRECOMPILE_PREFIX_HEADER = YES;
				GCC_PREFIX_HEADER = "ChainTest/ChainTest-Prefix.pch";
				GCC_WARN_UNINITIALIZED_AUTOS = YES;
				INFOPLIST_FILE = "ChainTest/ChainTest-Info.plist";
				PRODUCT_NAME = "$(TARGET_NAME)";
				WRAPPER_EXTENSION = octest;
			};
			name = Release;
		};
		0291C5E4161B679B0085AB91 /* Debug */ = {
			isa = XCBuildConfiguration;
			buildSettings = {
				ARCHS = "$(ARCHS_STANDARD_64_BIT)";
				GCC_C_LANGUAGE_STANDARD = gnu99;
				GCC_OPTIMIZATION_LEVEL = 0;
				GCC_PREPROCESSOR_DEFINITIONS = (
					DEBUG,
					"COCOS2D_DEBUG=1",
				);
				GCC_SYMBOLS_PRIVATE_EXTERN = NO;
				GCC_VERSION = com.apple.compilers.llvm.clang.1_0;
				GCC_WARN_64_TO_32_BIT_CONVERSION = YES;
				GCC_WARN_ABOUT_RETURN_TYPE = YES;
				GCC_WARN_UNUSED_VARIABLE = YES;
				MACOSX_DEPLOYMENT_TARGET = 10.8;
				ONLY_ACTIVE_ARCH = YES;
				SDKROOT = macosx;
				VALID_ARCHS = x86_64;
			};
			name = Debug;
		};
		0291C5E5161B679B0085AB91 /* Release */ = {
			isa = XCBuildConfiguration;
			buildSettings = {
				ARCHS = "$(ARCHS_STANDARD_64_BIT)";
				GCC_C_LANGUAGE_STANDARD = gnu99;
				GCC_PREPROCESSOR_DEFINITIONS = (
					NDEBUG,
					"NS_BLOCK_ASSERTIONS=1",
				);
				GCC_VERSION = com.apple.compilers.llvm.clang.1_0;
				GCC_WARN_64_TO_32_BIT_CONVERSION = YES;
				GCC_WARN_ABOUT_RETURN_TYPE = YES;
				GCC_WARN_UNUSED_VARIABLE = YES;
				MACOSX_DEPLOYMENT_TARGET = 10.8;
				SDKROOT = macosx;
				VALID_ARCHS = x86_64;
			};
			name = Release;
		};
		0291C5E7161B679B0085AB91 /* Debug */ = {
			isa = XCBuildConfiguration;
			baseConfigurationReference = 64CAF13C32E6472084F28C75 /* Pods.xcconfig */;
			buildSettings = {
				ARCHS = "$(ARCHS_STANDARD_64_BIT)";
				COPY_PHASE_STRIP = NO;
				GCC_DYNAMIC_NO_PIC = NO;
				GCC_ENABLE_OBJC_EXCEPTIONS = YES;
				GCC_PRECOMPILE_PREFIX_HEADER = YES;
				GCC_PREFIX_HEADER = TrainsOSX/Sources/Prefix.pch;
				INFOPLIST_FILE = TrainsOSX/Resources/Info.plist;
				PRODUCT_NAME = "$(TARGET_NAME)";
				USER_HEADER_SEARCH_PATHS = "\"${PROJECT_DIR}/Pods\"/**";
				VALID_ARCHS = x86_64;
				WRAPPER_EXTENSION = app;
			};
			name = Debug;
		};
		0291C5E8161B679B0085AB91 /* Release */ = {
			isa = XCBuildConfiguration;
			baseConfigurationReference = 64CAF13C32E6472084F28C75 /* Pods.xcconfig */;
			buildSettings = {
				ARCHS = "$(ARCHS_STANDARD_64_BIT)";
				COPY_PHASE_STRIP = YES;
				DEBUG_INFORMATION_FORMAT = "dwarf-with-dsym";
				GCC_DYNAMIC_NO_PIC = NO;
				GCC_ENABLE_OBJC_EXCEPTIONS = YES;
				GCC_PRECOMPILE_PREFIX_HEADER = YES;
				GCC_PREFIX_HEADER = TrainsOSX/Prefix.pch;
				INFOPLIST_FILE = TrainsOSX/Resources/Info.plist;
				PRODUCT_NAME = "$(TARGET_NAME)";
				USER_HEADER_SEARCH_PATHS = "\"${PROJECT_DIR}/Pods\"/**";
				VALID_ARCHS = x86_64;
				WRAPPER_EXTENSION = app;
			};
			name = Release;
		};
/* End XCBuildConfiguration section */

/* Begin XCConfigurationList section */
		0287AF0716E357C200539ABF /* Build configuration list for PBXNativeTarget "ChainTest" */ = {
			isa = XCConfigurationList;
			buildConfigurations = (
				0287AF0516E357C200539ABF /* Debug */,
				0287AF0616E357C200539ABF /* Release */,
			);
			defaultConfigurationIsVisible = 0;
			defaultConfigurationName = Release;
		};
		0291C456161B67990085AB91 /* Build configuration list for PBXProject "TrainsOSX" */ = {
			isa = XCConfigurationList;
			buildConfigurations = (
				0291C5E4161B679B0085AB91 /* Debug */,
				0291C5E5161B679B0085AB91 /* Release */,
			);
			defaultConfigurationIsVisible = 0;
			defaultConfigurationName = Release;
		};
		0291C5E6161B679B0085AB91 /* Build configuration list for PBXNativeTarget "TrainsOSX" */ = {
			isa = XCConfigurationList;
			buildConfigurations = (
				0291C5E7161B679B0085AB91 /* Debug */,
				0291C5E8161B679B0085AB91 /* Release */,
			);
			defaultConfigurationIsVisible = 0;
			defaultConfigurationName = Release;
		};
/* End XCConfigurationList section */
	};
	rootObject = 0291C453161B67990085AB91 /* Project object */;
}
