// !$*UTF8*$!
{
	archiveVersion = 1;
	classes = {
	};
	objectVersion = 46;
	objects = {

/* Begin PBXBuildFile section */
		028F1C0C161F66FD002FE46D /* CRLevel.m in Sources */ = {isa = PBXBuildFile; fileRef = 028F1C0B161F66FD002FE46D /* CRLevel.m */; };
		0291C461161B67990085AB91 /* QuartzCore.framework in Frameworks */ = {isa = PBXBuildFile; fileRef = 0291C460161B67990085AB91 /* QuartzCore.framework */; };
		0291C463161B67990085AB91 /* OpenGL.framework in Frameworks */ = {isa = PBXBuildFile; fileRef = 0291C462161B67990085AB91 /* OpenGL.framework */; };
		0291C465161B67990085AB91 /* OpenAL.framework in Frameworks */ = {isa = PBXBuildFile; fileRef = 0291C464161B67990085AB91 /* OpenAL.framework */; };
		0291C467161B67990085AB91 /* AudioToolbox.framework in Frameworks */ = {isa = PBXBuildFile; fileRef = 0291C466161B67990085AB91 /* AudioToolbox.framework */; };
		0291C469161B67990085AB91 /* AppKit.framework in Frameworks */ = {isa = PBXBuildFile; fileRef = 0291C468161B67990085AB91 /* AppKit.framework */; };
		0291C46B161B67990085AB91 /* Foundation.framework in Frameworks */ = {isa = PBXBuildFile; fileRef = 0291C46A161B67990085AB91 /* Foundation.framework */; };
		0291C471161B67990085AB91 /* InfoPlist.strings in Resources */ = {isa = PBXBuildFile; fileRef = 0291C46F161B67990085AB91 /* InfoPlist.strings */; };
		0291C474161B67990085AB91 /* MainMenu.xib in Resources */ = {isa = PBXBuildFile; fileRef = 0291C472161B67990085AB91 /* MainMenu.xib */; };
		0291C476161B67990085AB91 /* fps_images.png in Resources */ = {isa = PBXBuildFile; fileRef = 0291C475161B67990085AB91 /* fps_images.png */; };
		0291C478161B67990085AB91 /* icon.icns in Resources */ = {isa = PBXBuildFile; fileRef = 0291C477161B67990085AB91 /* icon.icns */; };
		0291C5DD161B679B0085AB91 /* main.m in Sources */ = {isa = PBXBuildFile; fileRef = 0291C5DC161B679B0085AB91 /* main.m */; };
		0291C5E0161B679B0085AB91 /* AppDelegate.m in Sources */ = {isa = PBXBuildFile; fileRef = 0291C5DF161B679B0085AB91 /* AppDelegate.m */; };
		0291C5E3161B679B0085AB91 /* CETextureBackgroundLayer.m in Sources */ = {isa = PBXBuildFile; fileRef = 0291C5E2161B679B0085AB91 /* CETextureBackgroundLayer.m */; };
		0291C5EA161B680C0085AB91 /* Grass.png in Resources */ = {isa = PBXBuildFile; fileRef = 0291C5E9161B680C0085AB91 /* Grass.png */; };
		20DC87CEB3964AACA387D61E /* libPods.a in Frameworks */ = {isa = PBXBuildFile; fileRef = B8ACB03F5AB241CA9AB573A0 /* libPods.a */; };
		6F3DF099F3A1D126D316CF6F /* CCSprite+CESprite.m in Sources */ = {isa = PBXBuildFile; fileRef = 6F3DFF02A479E0134E38EEE9 /* CCSprite+CESprite.m */; };
		6F3DF13C5422A063C38A1C07 /* City.png in Resources */ = {isa = PBXBuildFile; fileRef = 6F3DFC2F6B7A6ABE2951509A /* City.png */; };
		6F3DF1C2F3F81C7FCEB6B245 /* CRRailroad.m in Sources */ = {isa = PBXBuildFile; fileRef = 6F3DF290C45847D4636C91B5 /* CRRailroad.m */; };
		6F3DF2E05D88DB4A0FCB7F1B /* CRRail.m in Sources */ = {isa = PBXBuildFile; fileRef = 6F3DFB5016ED966D48D7CD2C /* CRRail.m */; };
		6F3DF3B1534D612C4D75148F /* CEOrtoMap.m in Sources */ = {isa = PBXBuildFile; fileRef = 6F3DFE2F91024045053DD4B1 /* CEOrtoMap.m */; };
		6F3DF3F797C8E47A452407FD /* Car1.png in Resources */ = {isa = PBXBuildFile; fileRef = 6F3DF00AF854C4775D30B46C /* Car1.png */; };
		6F3DF5949E6109FA0C483A0E /* NSMutableArray+CocoaEx.m in Sources */ = {isa = PBXBuildFile; fileRef = 6F3DFC305919B5B882C7DB89 /* NSMutableArray+CocoaEx.m */; };
		6F3DF6C26D6964C7CA523252 /* CCNode+CENode.m in Sources */ = {isa = PBXBuildFile; fileRef = 6F3DF2B59F36D9E48B1FBBF3 /* CCNode+CENode.m */; };
		6F3DF6D4ACA4E91E33B357B0 /* CRRailroadBuilder.m in Sources */ = {isa = PBXBuildFile; fileRef = 6F3DF3D8543B57C7CBE4C969 /* CRRailroadBuilder.m */; };
		6F3DF6DB7CF2544BF506D0B4 /* CETileIndex.m in Sources */ = {isa = PBXBuildFile; fileRef = 6F3DFCB798DAF2C18877E904 /* CETileIndex.m */; };
		6F3DF7AE28608C93F5D9A837 /* Podfile in Resources */ = {isa = PBXBuildFile; fileRef = 6F3DF47D79CC526D20F29924 /* Podfile */; };
		6F3DF805A9BFF0DD47BFB091 /* Rails.png in Resources */ = {isa = PBXBuildFile; fileRef = 6F3DF73921F94975C2F02534 /* Rails.png */; };
		6F3DF86A1C5B32EA136FAE66 /* CECurve.m in Sources */ = {isa = PBXBuildFile; fileRef = 6F3DFA265F42C0CAC2DD981B /* CECurve.m */; };
		6F3DF9FD84DFACCA42CFE909 /* CEMap.m in Sources */ = {isa = PBXBuildFile; fileRef = 6F3DF36A18CCC89D8594DEFB /* CEMap.m */; };
		6F3DFA0938641A0099140508 /* CRRailroad+CRRailPoint.m in Sources */ = {isa = PBXBuildFile; fileRef = 6F3DF5A965C94BF826D18AD5 /* CRRailroad+CRRailPoint.m */; };
		6F3DFAB0237E6EEA3BA0AA6C /* CRCar.m in Sources */ = {isa = PBXBuildFile; fileRef = 6F3DF439E99063519D7F0D97 /* CRCar.m */; };
		6F3DFCD734D4F4C31813442B /* CRTrain.m in Sources */ = {isa = PBXBuildFile; fileRef = 6F3DF745F457C41FE14A4F36 /* CRTrain.m */; };
		6F3DFF3770913B4B25C8A123 /* CEOrtoSprite.m in Sources */ = {isa = PBXBuildFile; fileRef = 6F3DFD11FF58D6AF3F466B08 /* CEOrtoSprite.m */; };
		6F3DFF5433CDC5BEB3F26954 /* CRCity.m in Sources */ = {isa = PBXBuildFile; fileRef = 6F3DF9FBBD580702B9AFE76A /* CRCity.m */; };
		6F3DFFDF4981BC81C1ED8575 /* CEBezier.m in Sources */ = {isa = PBXBuildFile; fileRef = 6F3DFDA903DBA378366693F2 /* CEBezier.m */; };
/* End PBXBuildFile section */

/* Begin PBXFileReference section */
		028F1C0A161F66FD002FE46D /* CRLevel.h */ = {isa = PBXFileReference; fileEncoding = 4; lastKnownFileType = sourcecode.c.h; path = CRLevel.h; sourceTree = "<group>"; };
		028F1C0B161F66FD002FE46D /* CRLevel.m */ = {isa = PBXFileReference; fileEncoding = 4; lastKnownFileType = sourcecode.c.objc; path = CRLevel.m; sourceTree = "<group>"; };
		0291C45C161B67990085AB91 /* TrainsOSX.app */ = {isa = PBXFileReference; explicitFileType = wrapper.application; includeInIndex = 0; path = TrainsOSX.app; sourceTree = BUILT_PRODUCTS_DIR; };
		0291C460161B67990085AB91 /* QuartzCore.framework */ = {isa = PBXFileReference; includeInIndex = 1; lastKnownFileType = wrapper.framework; name = QuartzCore.framework; path = System/Library/Frameworks/QuartzCore.framework; sourceTree = SDKROOT; };
		0291C462161B67990085AB91 /* OpenGL.framework */ = {isa = PBXFileReference; includeInIndex = 1; lastKnownFileType = wrapper.framework; name = OpenGL.framework; path = System/Library/Frameworks/OpenGL.framework; sourceTree = SDKROOT; };
		0291C464161B67990085AB91 /* OpenAL.framework */ = {isa = PBXFileReference; includeInIndex = 1; lastKnownFileType = wrapper.framework; name = OpenAL.framework; path = System/Library/Frameworks/OpenAL.framework; sourceTree = SDKROOT; };
		0291C466161B67990085AB91 /* AudioToolbox.framework */ = {isa = PBXFileReference; includeInIndex = 1; lastKnownFileType = wrapper.framework; name = AudioToolbox.framework; path = System/Library/Frameworks/AudioToolbox.framework; sourceTree = SDKROOT; };
		0291C468161B67990085AB91 /* AppKit.framework */ = {isa = PBXFileReference; includeInIndex = 1; lastKnownFileType = wrapper.framework; name = AppKit.framework; path = System/Library/Frameworks/AppKit.framework; sourceTree = SDKROOT; };
		0291C46A161B67990085AB91 /* Foundation.framework */ = {isa = PBXFileReference; includeInIndex = 1; lastKnownFileType = wrapper.framework; name = Foundation.framework; path = System/Library/Frameworks/Foundation.framework; sourceTree = SDKROOT; };
		0291C470161B67990085AB91 /* English */ = {isa = PBXFileReference; lastKnownFileType = text.plist.strings; name = English; path = Resources/English.lproj/InfoPlist.strings; sourceTree = "<group>"; };
		0291C473161B67990085AB91 /* English */ = {isa = PBXFileReference; lastKnownFileType = file.xib; name = English; path = Resources/English.lproj/MainMenu.xib; sourceTree = "<group>"; };
		0291C475161B67990085AB91 /* fps_images.png */ = {isa = PBXFileReference; lastKnownFileType = image.png; name = fps_images.png; path = Resources/fps_images.png; sourceTree = "<group>"; };
		0291C477161B67990085AB91 /* icon.icns */ = {isa = PBXFileReference; lastKnownFileType = image.icns; name = icon.icns; path = Resources/icon.icns; sourceTree = "<group>"; };
		0291C479161B67990085AB91 /* Info.plist */ = {isa = PBXFileReference; lastKnownFileType = text.plist.xml; name = Info.plist; path = Resources/Info.plist; sourceTree = "<group>"; };
		0291C5DB161B679B0085AB91 /* Prefix.pch */ = {isa = PBXFileReference; lastKnownFileType = sourcecode.c.h; path = Prefix.pch; sourceTree = "<group>"; };
		0291C5DC161B679B0085AB91 /* main.m */ = {isa = PBXFileReference; lastKnownFileType = sourcecode.c.objc; path = main.m; sourceTree = "<group>"; };
		0291C5DE161B679B0085AB91 /* AppDelegate.h */ = {isa = PBXFileReference; lastKnownFileType = sourcecode.c.h; path = AppDelegate.h; sourceTree = "<group>"; };
		0291C5DF161B679B0085AB91 /* AppDelegate.m */ = {isa = PBXFileReference; lastKnownFileType = sourcecode.c.objc; path = AppDelegate.m; sourceTree = "<group>"; };
		0291C5E1161B679B0085AB91 /* CETextureBackgroundLayer.h */ = {isa = PBXFileReference; lastKnownFileType = sourcecode.c.h; path = CETextureBackgroundLayer.h; sourceTree = "<group>"; };
		0291C5E2161B679B0085AB91 /* CETextureBackgroundLayer.m */ = {isa = PBXFileReference; lastKnownFileType = sourcecode.c.objc; path = CETextureBackgroundLayer.m; sourceTree = "<group>"; };
		0291C5E9161B680C0085AB91 /* Grass.png */ = {isa = PBXFileReference; lastKnownFileType = image.png; name = Grass.png; path = Resources/Grass.png; sourceTree = "<group>"; };
		64CAF13C32E6472084F28C75 /* Pods.xcconfig */ = {isa = PBXFileReference; includeInIndex = 1; lastKnownFileType = text.xcconfig; name = Pods.xcconfig; path = Pods/Pods.xcconfig; sourceTree = SOURCE_ROOT; };
		6F3DF00AF854C4775D30B46C /* Car1.png */ = {isa = PBXFileReference; lastKnownFileType = image.png; name = Car1.png; path = Resources/Car1.png; sourceTree = "<group>"; };
		6F3DF290C45847D4636C91B5 /* CRRailroad.m */ = {isa = PBXFileReference; fileEncoding = 4; lastKnownFileType = sourcecode.c.objc; path = CRRailroad.m; sourceTree = "<group>"; };
		6F3DF2B59F36D9E48B1FBBF3 /* CCNode+CENode.m */ = {isa = PBXFileReference; fileEncoding = 4; lastKnownFileType = sourcecode.c.objc; path = "CCNode+CENode.m"; sourceTree = "<group>"; };
		6F3DF2BE0BB2C87F4A6C6F0B /* CRRailroad+CRRailPoint.h */ = {isa = PBXFileReference; fileEncoding = 4; lastKnownFileType = sourcecode.c.h; path = "CRRailroad+CRRailPoint.h"; sourceTree = "<group>"; };
		6F3DF36A18CCC89D8594DEFB /* CEMap.m */ = {isa = PBXFileReference; fileEncoding = 4; lastKnownFileType = sourcecode.c.objc; path = CEMap.m; sourceTree = "<group>"; };
		6F3DF3D8543B57C7CBE4C969 /* CRRailroadBuilder.m */ = {isa = PBXFileReference; fileEncoding = 4; lastKnownFileType = sourcecode.c.objc; path = CRRailroadBuilder.m; sourceTree = "<group>"; };
		6F3DF3E1137F8D891311F7C8 /* CEOrtoSprite.h */ = {isa = PBXFileReference; fileEncoding = 4; lastKnownFileType = sourcecode.c.h; path = CEOrtoSprite.h; sourceTree = "<group>"; };
		6F3DF439E99063519D7F0D97 /* CRCar.m */ = {isa = PBXFileReference; fileEncoding = 4; lastKnownFileType = sourcecode.c.objc; path = CRCar.m; sourceTree = "<group>"; };
		6F3DF45371756DBD2C741507 /* CETileIndex.h */ = {isa = PBXFileReference; fileEncoding = 4; lastKnownFileType = sourcecode.c.h; path = CETileIndex.h; sourceTree = "<group>"; };
		6F3DF47D79CC526D20F29924 /* Podfile */ = {isa = PBXFileReference; fileEncoding = 4; lastKnownFileType = text; path = Podfile; sourceTree = "<group>"; };
		6F3DF5316F8ABD7B61E42262 /* CRRail.h */ = {isa = PBXFileReference; fileEncoding = 4; lastKnownFileType = sourcecode.c.h; path = CRRail.h; sourceTree = "<group>"; };
		6F3DF5A965C94BF826D18AD5 /* CRRailroad+CRRailPoint.m */ = {isa = PBXFileReference; fileEncoding = 4; lastKnownFileType = sourcecode.c.objc; path = "CRRailroad+CRRailPoint.m"; sourceTree = "<group>"; };
		6F3DF5EFC24C89AA8D0E644C /* cr.h */ = {isa = PBXFileReference; fileEncoding = 4; lastKnownFileType = sourcecode.c.h; path = cr.h; sourceTree = "<group>"; };
		6F3DF5FE8EF9F3C073099971 /* CCNode+CENode.h */ = {isa = PBXFileReference; fileEncoding = 4; lastKnownFileType = sourcecode.c.h; path = "CCNode+CENode.h"; sourceTree = "<group>"; };
		6F3DF635A04A1EEE65CE7A6E /* CRCity.h */ = {isa = PBXFileReference; fileEncoding = 4; lastKnownFileType = sourcecode.c.h; path = CRCity.h; sourceTree = "<group>"; };
		6F3DF73921F94975C2F02534 /* Rails.png */ = {isa = PBXFileReference; lastKnownFileType = image.png; name = Rails.png; path = Resources/Rails.png; sourceTree = "<group>"; };
		6F3DF745F457C41FE14A4F36 /* CRTrain.m */ = {isa = PBXFileReference; fileEncoding = 4; lastKnownFileType = sourcecode.c.objc; path = CRTrain.m; sourceTree = "<group>"; };
		6F3DF75B6BF126F1D8316576 /* CECurve.h */ = {isa = PBXFileReference; fileEncoding = 4; lastKnownFileType = sourcecode.c.h; path = CECurve.h; sourceTree = "<group>"; };
		6F3DF8A9C6304588F26BC837 /* CRRailroad.h */ = {isa = PBXFileReference; fileEncoding = 4; lastKnownFileType = sourcecode.c.h; path = CRRailroad.h; sourceTree = "<group>"; };
		6F3DF9217AB05E7415DA2C99 /* cocoa-ex.h */ = {isa = PBXFileReference; fileEncoding = 4; lastKnownFileType = sourcecode.c.h; path = "cocoa-ex.h"; sourceTree = "<group>"; };
		6F3DF9FBBD580702B9AFE76A /* CRCity.m */ = {isa = PBXFileReference; fileEncoding = 4; lastKnownFileType = sourcecode.c.objc; path = CRCity.m; sourceTree = "<group>"; };
		6F3DFA265F42C0CAC2DD981B /* CECurve.m */ = {isa = PBXFileReference; fileEncoding = 4; lastKnownFileType = sourcecode.c.objc; path = CECurve.m; sourceTree = "<group>"; };
		6F3DFB5016ED966D48D7CD2C /* CRRail.m */ = {isa = PBXFileReference; fileEncoding = 4; lastKnownFileType = sourcecode.c.objc; path = CRRail.m; sourceTree = "<group>"; };
		6F3DFB7F31B3649C52404F77 /* CEBezier.h */ = {isa = PBXFileReference; fileEncoding = 4; lastKnownFileType = sourcecode.c.h; path = CEBezier.h; sourceTree = "<group>"; };
		6F3DFB92CEF05392C19FFFFE /* CRCar.h */ = {isa = PBXFileReference; fileEncoding = 4; lastKnownFileType = sourcecode.c.h; path = CRCar.h; sourceTree = "<group>"; };
		6F3DFBBA8ABBEDD55900EAE6 /* CRTrain.h */ = {isa = PBXFileReference; fileEncoding = 4; lastKnownFileType = sourcecode.c.h; path = CRTrain.h; sourceTree = "<group>"; };
		6F3DFC2F6B7A6ABE2951509A /* City.png */ = {isa = PBXFileReference; lastKnownFileType = image.png; name = City.png; path = Resources/City.png; sourceTree = "<group>"; };
		6F3DFC305919B5B882C7DB89 /* NSMutableArray+CocoaEx.m */ = {isa = PBXFileReference; fileEncoding = 4; lastKnownFileType = sourcecode.c.objc; path = "NSMutableArray+CocoaEx.m"; sourceTree = "<group>"; };
		6F3DFC598C88B627956EA049 /* cocos2d-ex.h */ = {isa = PBXFileReference; fileEncoding = 4; lastKnownFileType = sourcecode.c.h; path = "cocos2d-ex.h"; sourceTree = "<group>"; };
		6F3DFCB798DAF2C18877E904 /* CETileIndex.m */ = {isa = PBXFileReference; fileEncoding = 4; lastKnownFileType = sourcecode.c.objc; path = CETileIndex.m; sourceTree = "<group>"; };
		6F3DFCCCD563C1F49F317FB8 /* CEMap.h */ = {isa = PBXFileReference; fileEncoding = 4; lastKnownFileType = sourcecode.c.h; path = CEMap.h; sourceTree = "<group>"; };
		6F3DFD11FF58D6AF3F466B08 /* CEOrtoSprite.m */ = {isa = PBXFileReference; fileEncoding = 4; lastKnownFileType = sourcecode.c.objc; path = CEOrtoSprite.m; sourceTree = "<group>"; };
		6F3DFD6424C6232A8ACA597D /* CRRailroadBuilder.h */ = {isa = PBXFileReference; fileEncoding = 4; lastKnownFileType = sourcecode.c.h; path = CRRailroadBuilder.h; sourceTree = "<group>"; };
		6F3DFDA903DBA378366693F2 /* CEBezier.m */ = {isa = PBXFileReference; fileEncoding = 4; lastKnownFileType = sourcecode.c.objc; path = CEBezier.m; sourceTree = "<group>"; };
		6F3DFE2F91024045053DD4B1 /* CEOrtoMap.m */ = {isa = PBXFileReference; fileEncoding = 4; lastKnownFileType = sourcecode.c.objc; path = CEOrtoMap.m; sourceTree = "<group>"; };
		6F3DFF02A479E0134E38EEE9 /* CCSprite+CESprite.m */ = {isa = PBXFileReference; fileEncoding = 4; lastKnownFileType = sourcecode.c.objc; path = "CCSprite+CESprite.m"; sourceTree = "<group>"; };
		6F3DFF87623D8983EA6115F3 /* CEOrtoMap.h */ = {isa = PBXFileReference; fileEncoding = 4; lastKnownFileType = sourcecode.c.h; path = CEOrtoMap.h; sourceTree = "<group>"; };
		6F3DFF9F7E122A314C289688 /* NSMutableArray+CocoaEx.h */ = {isa = PBXFileReference; fileEncoding = 4; lastKnownFileType = sourcecode.c.h; path = "NSMutableArray+CocoaEx.h"; sourceTree = "<group>"; };
		6F3DFFC87FF30CC319AE0D68 /* CCSprite+CESprite.h */ = {isa = PBXFileReference; fileEncoding = 4; lastKnownFileType = sourcecode.c.h; path = "CCSprite+CESprite.h"; sourceTree = "<group>"; };
		B8ACB03F5AB241CA9AB573A0 /* libPods.a */ = {isa = PBXFileReference; explicitFileType = archive.ar; includeInIndex = 0; path = libPods.a; sourceTree = BUILT_PRODUCTS_DIR; };
/* End PBXFileReference section */

/* Begin PBXFrameworksBuildPhase section */
		0291C459161B67990085AB91 /* Frameworks */ = {
			isa = PBXFrameworksBuildPhase;
			buildActionMask = 2147483647;
			files = (
				0291C461161B67990085AB91 /* QuartzCore.framework in Frameworks */,
				0291C463161B67990085AB91 /* OpenGL.framework in Frameworks */,
				0291C465161B67990085AB91 /* OpenAL.framework in Frameworks */,
				0291C467161B67990085AB91 /* AudioToolbox.framework in Frameworks */,
				0291C469161B67990085AB91 /* AppKit.framework in Frameworks */,
				0291C46B161B67990085AB91 /* Foundation.framework in Frameworks */,
				20DC87CEB3964AACA387D61E /* libPods.a in Frameworks */,
			);
			runOnlyForDeploymentPostprocessing = 0;
		};
/* End PBXFrameworksBuildPhase section */

/* Begin PBXGroup section */
		028F1C07161F6522002FE46D /* Textures */ = {
			isa = PBXGroup;
			children = (
				0291C5E9161B680C0085AB91 /* Grass.png */,
				6F3DF73921F94975C2F02534 /* Rails.png */,
				6F3DFC2F6B7A6ABE2951509A /* City.png */,
				6F3DF00AF854C4775D30B46C /* Car1.png */,
			);
			name = Textures;
			sourceTree = "<group>";
		};
		028F1C09161F660E002FE46D /* CocosEx */ = {
			isa = PBXGroup;
			children = (
				6F3DFC598C88B627956EA049 /* cocos2d-ex.h */,
				0291C5E1161B679B0085AB91 /* CETextureBackgroundLayer.h */,
				0291C5E2161B679B0085AB91 /* CETextureBackgroundLayer.m */,
				6F3DFCB798DAF2C18877E904 /* CETileIndex.m */,
				6F3DF45371756DBD2C741507 /* CETileIndex.h */,
				6F3DFE2F91024045053DD4B1 /* CEOrtoMap.m */,
				6F3DFF87623D8983EA6115F3 /* CEOrtoMap.h */,
				6F3DF36A18CCC89D8594DEFB /* CEMap.m */,
				6F3DFCCCD563C1F49F317FB8 /* CEMap.h */,
				6F3DF2B59F36D9E48B1FBBF3 /* CCNode+CENode.m */,
				6F3DF5FE8EF9F3C073099971 /* CCNode+CENode.h */,
				6F3DFF02A479E0134E38EEE9 /* CCSprite+CESprite.m */,
				6F3DFFC87FF30CC319AE0D68 /* CCSprite+CESprite.h */,
				6F3DFA265F42C0CAC2DD981B /* CECurve.m */,
				6F3DF75B6BF126F1D8316576 /* CECurve.h */,
				6F3DFDA903DBA378366693F2 /* CEBezier.m */,
				6F3DFB7F31B3649C52404F77 /* CEBezier.h */,
				6F3DFD11FF58D6AF3F466B08 /* CEOrtoSprite.m */,
				6F3DF3E1137F8D891311F7C8 /* CEOrtoSprite.h */,
			);
			name = CocosEx;
			sourceTree = "<group>";
		};
		028F1C0D161F6704002FE46D /* Level */ = {
			isa = PBXGroup;
			children = (
				028F1C0A161F66FD002FE46D /* CRLevel.h */,
				028F1C0B161F66FD002FE46D /* CRLevel.m */,
			);
			name = Level;
			sourceTree = "<group>";
		};
		0291C451161B67990085AB91 = {
			isa = PBXGroup;
			children = (
				0291C46C161B67990085AB91 /* TrainsOSX */,
				0291C45F161B67990085AB91 /* Frameworks */,
				0291C45D161B67990085AB91 /* Products */,
				64CAF13C32E6472084F28C75 /* Pods.xcconfig */,
				6F3DF47D79CC526D20F29924 /* Podfile */,
			);
			sourceTree = "<group>";
		};
		0291C45D161B67990085AB91 /* Products */ = {
			isa = PBXGroup;
			children = (
				0291C45C161B67990085AB91 /* TrainsOSX.app */,
			);
			name = Products;
			sourceTree = "<group>";
		};
		0291C45F161B67990085AB91 /* Frameworks */ = {
			isa = PBXGroup;
			children = (
				0291C460161B67990085AB91 /* QuartzCore.framework */,
				0291C462161B67990085AB91 /* OpenGL.framework */,
				0291C464161B67990085AB91 /* OpenAL.framework */,
				0291C466161B67990085AB91 /* AudioToolbox.framework */,
				0291C468161B67990085AB91 /* AppKit.framework */,
				0291C46A161B67990085AB91 /* Foundation.framework */,
				B8ACB03F5AB241CA9AB573A0 /* libPods.a */,
			);
			name = Frameworks;
			sourceTree = "<group>";
		};
		0291C46C161B67990085AB91 /* TrainsOSX */ = {
			isa = PBXGroup;
			children = (
				6F3DFC19C5BA368F7C4EE43B /* Base */,
				6F3DFDBDBF8214515D010FC1 /* Trains */,
			);
			path = TrainsOSX;
			sourceTree = "<group>";
		};
		0291C46D161B67990085AB91 /* Resources */ = {
			isa = PBXGroup;
			children = (
				028F1C07161F6522002FE46D /* Textures */,
				0291C475161B67990085AB91 /* fps_images.png */,
				0291C477161B67990085AB91 /* icon.icns */,
				0291C479161B67990085AB91 /* Info.plist */,
				0291C46E161B67990085AB91 /* English.lproj */,
			);
			name = Resources;
			sourceTree = "<group>";
		};
		0291C46E161B67990085AB91 /* English.lproj */ = {
			isa = PBXGroup;
			children = (
				0291C46F161B67990085AB91 /* InfoPlist.strings */,
				0291C472161B67990085AB91 /* MainMenu.xib */,
			);
			name = English.lproj;
			sourceTree = "<group>";
		};
		0291C5DA161B679B0085AB91 /* Supporting Files */ = {
			isa = PBXGroup;
			children = (
				0291C5DB161B679B0085AB91 /* Prefix.pch */,
				0291C5DC161B679B0085AB91 /* main.m */,
			);
			name = "Supporting Files";
			sourceTree = "<group>";
		};
		6F3DF47CF721D1F8B2FBAE5C /* App */ = {
			isa = PBXGroup;
			children = (
				0291C5DF161B679B0085AB91 /* AppDelegate.m */,
				0291C5DE161B679B0085AB91 /* AppDelegate.h */,
				6F3DF5EFC24C89AA8D0E644C /* cr.h */,
			);
			name = App;
			sourceTree = "<group>";
		};
		6F3DF609C408525FE8B88180 /* CocoaEx */ = {
			isa = PBXGroup;
			children = (
				6F3DFC305919B5B882C7DB89 /* NSMutableArray+CocoaEx.m */,
				6F3DFF9F7E122A314C289688 /* NSMutableArray+CocoaEx.h */,
				6F3DF9217AB05E7415DA2C99 /* cocoa-ex.h */,
			);
			name = CocoaEx;
			sourceTree = "<group>";
		};
		6F3DF744BD253279AD81D618 /* Railroad */ = {
			isa = PBXGroup;
			children = (
				6F3DF8A9C6304588F26BC837 /* CRRailroad.h */,
				6F3DF290C45847D4636C91B5 /* CRRailroad.m */,
				6F3DF5316F8ABD7B61E42262 /* CRRail.h */,
				6F3DFB5016ED966D48D7CD2C /* CRRail.m */,
				6F3DF3D8543B57C7CBE4C969 /* CRRailroadBuilder.m */,
				6F3DFD6424C6232A8ACA597D /* CRRailroadBuilder.h */,
				6F3DF9FBBD580702B9AFE76A /* CRCity.m */,
				6F3DF635A04A1EEE65CE7A6E /* CRCity.h */,
			);
			name = Railroad;
			sourceTree = "<group>";
		};
		6F3DF9A39DB3362002A37EE9 /* Train */ = {
			isa = PBXGroup;
			children = (
				6F3DF745F457C41FE14A4F36 /* CRTrain.m */,
				6F3DFBBA8ABBEDD55900EAE6 /* CRTrain.h */,
				6F3DF439E99063519D7F0D97 /* CRCar.m */,
				6F3DFB92CEF05392C19FFFFE /* CRCar.h */,
				6F3DF2BE0BB2C87F4A6C6F0B /* CRRailroad+CRRailPoint.h */,
				6F3DF5A965C94BF826D18AD5 /* CRRailroad+CRRailPoint.m */,
			);
			name = Train;
			sourceTree = "<group>";
		};
		6F3DFC19C5BA368F7C4EE43B /* Base */ = {
			isa = PBXGroup;
			children = (
				0291C5DA161B679B0085AB91 /* Supporting Files */,
				0291C46D161B67990085AB91 /* Resources */,
			);
			name = Base;
			sourceTree = "<group>";
		};
		6F3DFDBDBF8214515D010FC1 /* Trains */ = {
			isa = PBXGroup;
			children = (
				028F1C0D161F6704002FE46D /* Level */,
				6F3DF744BD253279AD81D618 /* Railroad */,
				6F3DF47CF721D1F8B2FBAE5C /* App */,
				028F1C09161F660E002FE46D /* CocosEx */,
				6F3DF9A39DB3362002A37EE9 /* Train */,
				6F3DF609C408525FE8B88180 /* CocoaEx */,
			);
			name = Trains;
			sourceTree = "<group>";
		};
/* End PBXGroup section */

/* Begin PBXNativeTarget section */
		0291C45B161B67990085AB91 /* TrainsOSX */ = {
			isa = PBXNativeTarget;
			buildConfigurationList = 0291C5E6161B679B0085AB91 /* Build configuration list for PBXNativeTarget "TrainsOSX" */;
			buildPhases = (
				0291C458161B67990085AB91 /* Sources */,
				0291C459161B67990085AB91 /* Frameworks */,
				0291C45A161B67990085AB91 /* Resources */,
				9472BD4321504D7EB8415AB6 /* Copy Pods Resources */,
			);
			buildRules = (
			);
			dependencies = (
			);
			name = TrainsOSX;
			productName = TrainsOSX;
			productReference = 0291C45C161B67990085AB91 /* TrainsOSX.app */;
			productType = "com.apple.product-type.application";
		};
/* End PBXNativeTarget section */

/* Begin PBXProject section */
		0291C453161B67990085AB91 /* Project object */ = {
			isa = PBXProject;
			attributes = {
				LastUpgradeCheck = 0450;
			};
			buildConfigurationList = 0291C456161B67990085AB91 /* Build configuration list for PBXProject "TrainsOSX" */;
			compatibilityVersion = "Xcode 3.2";
			developmentRegion = English;
			hasScannedForEncodings = 0;
			knownRegions = (
				en,
				English,
			);
			mainGroup = 0291C451161B67990085AB91;
			productRefGroup = 0291C45D161B67990085AB91 /* Products */;
			projectDirPath = "";
			projectRoot = "";
			targets = (
				0291C45B161B67990085AB91 /* TrainsOSX */,
			);
		};
/* End PBXProject section */

/* Begin PBXResourcesBuildPhase section */
		0291C45A161B67990085AB91 /* Resources */ = {
			isa = PBXResourcesBuildPhase;
			buildActionMask = 2147483647;
			files = (
				0291C471161B67990085AB91 /* InfoPlist.strings in Resources */,
				0291C474161B67990085AB91 /* MainMenu.xib in Resources */,
				0291C476161B67990085AB91 /* fps_images.png in Resources */,
				0291C478161B67990085AB91 /* icon.icns in Resources */,
				0291C5EA161B680C0085AB91 /* Grass.png in Resources */,
				6F3DF805A9BFF0DD47BFB091 /* Rails.png in Resources */,
				6F3DF13C5422A063C38A1C07 /* City.png in Resources */,
				6F3DF3F797C8E47A452407FD /* Car1.png in Resources */,
				6F3DF7AE28608C93F5D9A837 /* Podfile in Resources */,
			);
			runOnlyForDeploymentPostprocessing = 0;
		};
/* End PBXResourcesBuildPhase section */

/* Begin PBXShellScriptBuildPhase section */
		9472BD4321504D7EB8415AB6 /* Copy Pods Resources */ = {
			isa = PBXShellScriptBuildPhase;
			buildActionMask = 2147483647;
			files = (
			);
			inputPaths = (
			);
			name = "Copy Pods Resources";
			outputPaths = (
			);
			runOnlyForDeploymentPostprocessing = 0;
			shellPath = /bin/sh;
			shellScript = "\"${SRCROOT}/Pods/Pods-resources.sh\"\n";
		};
/* End PBXShellScriptBuildPhase section */

/* Begin PBXSourcesBuildPhase section */
		0291C458161B67990085AB91 /* Sources */ = {
			isa = PBXSourcesBuildPhase;
			buildActionMask = 2147483647;
			files = (
				0291C5DD161B679B0085AB91 /* main.m in Sources */,
				0291C5E0161B679B0085AB91 /* AppDelegate.m in Sources */,
				0291C5E3161B679B0085AB91 /* CETextureBackgroundLayer.m in Sources */,
				028F1C0C161F66FD002FE46D /* CRLevel.m in Sources */,
				6F3DF2E05D88DB4A0FCB7F1B /* CRRail.m in Sources */,
				6F3DF1C2F3F81C7FCEB6B245 /* CRRailroad.m in Sources */,
				6F3DF6D4ACA4E91E33B357B0 /* CRRailroadBuilder.m in Sources */,
				6F3DF6DB7CF2544BF506D0B4 /* CETileIndex.m in Sources */,
				6F3DF3B1534D612C4D75148F /* CEOrtoMap.m in Sources */,
				6F3DF9FD84DFACCA42CFE909 /* CEMap.m in Sources */,
				6F3DF6C26D6964C7CA523252 /* CCNode+CENode.m in Sources */,
				6F3DF099F3A1D126D316CF6F /* CCSprite+CESprite.m in Sources */,
				6F3DFF5433CDC5BEB3F26954 /* CRCity.m in Sources */,
				6F3DFCD734D4F4C31813442B /* CRTrain.m in Sources */,
				6F3DFAB0237E6EEA3BA0AA6C /* CRCar.m in Sources */,
				6F3DFA0938641A0099140508 /* CRRailroad+CRRailPoint.m in Sources */,
				6F3DF86A1C5B32EA136FAE66 /* CECurve.m in Sources */,
				6F3DFFDF4981BC81C1ED8575 /* CEBezier.m in Sources */,
				6F3DFF3770913B4B25C8A123 /* CEOrtoSprite.m in Sources */,
				6F3DF5949E6109FA0C483A0E /* NSMutableArray+CocoaEx.m in Sources */,
			);
			runOnlyForDeploymentPostprocessing = 0;
		};
/* End PBXSourcesBuildPhase section */

/* Begin PBXVariantGroup section */
		0291C46F161B67990085AB91 /* InfoPlist.strings */ = {
			isa = PBXVariantGroup;
			children = (
				0291C470161B67990085AB91 /* English */,
			);
			name = InfoPlist.strings;
			sourceTree = "<group>";
		};
		0291C472161B67990085AB91 /* MainMenu.xib */ = {
			isa = PBXVariantGroup;
			children = (
				0291C473161B67990085AB91 /* English */,
			);
			name = MainMenu.xib;
			sourceTree = "<group>";
		};
/* End PBXVariantGroup section */

/* Begin XCBuildConfiguration section */
		0291C5E4161B679B0085AB91 /* Debug */ = {
			isa = XCBuildConfiguration;
			buildSettings = {
				ARCHS = "$(ARCHS_STANDARD_64_BIT)";
				GCC_C_LANGUAGE_STANDARD = gnu99;
				GCC_OPTIMIZATION_LEVEL = 0;
				GCC_PREPROCESSOR_DEFINITIONS = (
					DEBUG,
					"COCOS2D_DEBUG=1",
				);
				GCC_SYMBOLS_PRIVATE_EXTERN = NO;
				GCC_VERSION = com.apple.compilers.llvm.clang.1_0;
				GCC_WARN_64_TO_32_BIT_CONVERSION = YES;
				GCC_WARN_ABOUT_RETURN_TYPE = YES;
				GCC_WARN_UNUSED_VARIABLE = YES;
				MACOSX_DEPLOYMENT_TARGET = 10.8;
				ONLY_ACTIVE_ARCH = YES;
				SDKROOT = macosx;
				VALID_ARCHS = x86_64;
			};
			name = Debug;
		};
		0291C5E5161B679B0085AB91 /* Release */ = {
			isa = XCBuildConfiguration;
			buildSettings = {
				ARCHS = "$(ARCHS_STANDARD_64_BIT)";
				GCC_C_LANGUAGE_STANDARD = gnu99;
				GCC_PREPROCESSOR_DEFINITIONS = (
					NDEBUG,
					"NS_BLOCK_ASSERTIONS=1",
				);
				GCC_VERSION = com.apple.compilers.llvm.clang.1_0;
				GCC_WARN_64_TO_32_BIT_CONVERSION = YES;
				GCC_WARN_ABOUT_RETURN_TYPE = YES;
				GCC_WARN_UNUSED_VARIABLE = YES;
				MACOSX_DEPLOYMENT_TARGET = 10.8;
				SDKROOT = macosx;
				VALID_ARCHS = x86_64;
			};
			name = Release;
		};
		0291C5E7161B679B0085AB91 /* Debug */ = {
			isa = XCBuildConfiguration;
			baseConfigurationReference = 64CAF13C32E6472084F28C75 /* Pods.xcconfig */;
			buildSettings = {
				ARCHS = "$(ARCHS_STANDARD_64_BIT)";
				COPY_PHASE_STRIP = NO;
				GCC_DYNAMIC_NO_PIC = NO;
				GCC_ENABLE_OBJC_EXCEPTIONS = YES;
				GCC_PRECOMPILE_PREFIX_HEADER = YES;
				GCC_PREFIX_HEADER = TrainsOSX/Prefix.pch;
				INFOPLIST_FILE = TrainsOSX/Resources/Info.plist;
				PRODUCT_NAME = "$(TARGET_NAME)";
				VALID_ARCHS = x86_64;
				WRAPPER_EXTENSION = app;
			};
			name = Debug;
		};
		0291C5E8161B679B0085AB91 /* Release */ = {
			isa = XCBuildConfiguration;
			baseConfigurationReference = 64CAF13C32E6472084F28C75 /* Pods.xcconfig */;
			buildSettings = {
				ARCHS = "$(ARCHS_STANDARD_64_BIT)";
				COPY_PHASE_STRIP = YES;
				DEBUG_INFORMATION_FORMAT = "dwarf-with-dsym";
				GCC_DYNAMIC_NO_PIC = NO;
				GCC_ENABLE_OBJC_EXCEPTIONS = YES;
				GCC_PRECOMPILE_PREFIX_HEADER = YES;
				GCC_PREFIX_HEADER = TrainsOSX/Prefix.pch;
				INFOPLIST_FILE = TrainsOSX/Resources/Info.plist;
				PRODUCT_NAME = "$(TARGET_NAME)";
				VALID_ARCHS = x86_64;
				WRAPPER_EXTENSION = app;
			};
			name = Release;
		};
/* End XCBuildConfiguration section */

/* Begin XCConfigurationList section */
		0291C456161B67990085AB91 /* Build configuration list for PBXProject "TrainsOSX" */ = {
			isa = XCConfigurationList;
			buildConfigurations = (
				0291C5E4161B679B0085AB91 /* Debug */,
				0291C5E5161B679B0085AB91 /* Release */,
			);
			defaultConfigurationIsVisible = 0;
			defaultConfigurationName = Release;
		};
		0291C5E6161B679B0085AB91 /* Build configuration list for PBXNativeTarget "TrainsOSX" */ = {
			isa = XCConfigurationList;
			buildConfigurations = (
				0291C5E7161B679B0085AB91 /* Debug */,
				0291C5E8161B679B0085AB91 /* Release */,
			);
			defaultConfigurationIsVisible = 0;
			defaultConfigurationName = Release;
		};
/* End XCConfigurationList section */
	};
	rootObject = 0291C453161B67990085AB91 /* Project object */;
}
