<?xml version="1.0" encoding="UTF-8"?>
<Scheme
   version = "1.3">
   <BuildAction>
      <BuildActionEntries>
         <BuildActionEntry
            buildForRunning = "YES">
            <BuildableReference
               BuildableIdentifier = "primary"
               BlueprintIdentifier = "0291C45B161B67990085AB91"
               BuildableName = "TrainsOSX.app"
               BlueprintName = "TrainsOSX"
               ReferencedContainer = "container:TrainsOSX.xcodeproj">
            </BuildableReference>
         </BuildActionEntry>
      </BuildActionEntries>
   </BuildAction>
   <LaunchAction
      useCustomWorkingDirectory = "NO"
      buildConfiguration = "Debug">
      <BuildableProductRunnable>
         <BuildableReference
            BuildableIdentifier = "primary"
            BlueprintIdentifier = "0291C45B161B67990085AB91"
            BuildableName = "TrainsOSX.app"
            BlueprintName = "TrainsOSX"
            ReferencedContainer = "container:TrainsOSX.xcodeproj">
         </BuildableReference>
      </BuildableProductRunnable>
   </LaunchAction>
</Scheme>
